// !$*UTF8*$!
{
	archiveVersion = 1;
	classes = {
	};
	objectVersion = 56;
	objects = {

/* Begin PBXBuildFile section */
		7E70DB1A2A9960230024FE23 /* AppRouter.swift in Sources */ = {isa = PBXBuildFile; fileRef = 7E70DB192A9960230024FE23 /* AppRouter.swift */; };
		7EC468B72AA2AA1C00B6D28F /* Alamofire.xcframework in Frameworks */ = {isa = PBXBuildFile; fileRef = 7EC468B62AA2AA1C00B6D28F /* Alamofire.xcframework */; };
		7EC468B82AA2AA1C00B6D28F /* Alamofire.xcframework in Embed Frameworks */ = {isa = PBXBuildFile; fileRef = 7EC468B62AA2AA1C00B6D28F /* Alamofire.xcframework */; settings = {ATTRIBUTES = (CodeSignOnCopy, RemoveHeadersOnCopy, ); }; };
		7EC468BB2AA2AA2000B6D28F /* Realm.xcframework in Frameworks */ = {isa = PBXBuildFile; fileRef = 7EC468BA2AA2AA2000B6D28F /* Realm.xcframework */; };
		7EC468BC2AA2AA2000B6D28F /* Realm.xcframework in Embed Frameworks */ = {isa = PBXBuildFile; fileRef = 7EC468BA2AA2AA2000B6D28F /* Realm.xcframework */; settings = {ATTRIBUTES = (CodeSignOnCopy, RemoveHeadersOnCopy, ); }; };
		7EC468BE2AA2AA2300B6D28F /* RealmSwift.xcframework in Frameworks */ = {isa = PBXBuildFile; fileRef = 7EC468BD2AA2AA2200B6D28F /* RealmSwift.xcframework */; };
		7EC468BF2AA2AA2300B6D28F /* RealmSwift.xcframework in Embed Frameworks */ = {isa = PBXBuildFile; fileRef = 7EC468BD2AA2AA2200B6D28F /* RealmSwift.xcframework */; settings = {ATTRIBUTES = (CodeSignOnCopy, RemoveHeadersOnCopy, ); }; };
		7EC468C42AA2AAAD00B6D28F /* APIClientImpl.swift in Sources */ = {isa = PBXBuildFile; fileRef = 7EC468C12AA2AAAD00B6D28F /* APIClientImpl.swift */; };
		7EC468C52AA2AAAD00B6D28F /* APIClient.swift in Sources */ = {isa = PBXBuildFile; fileRef = 7EC468C22AA2AAAD00B6D28F /* APIClient.swift */; };
		7EC468C62AA2AAAD00B6D28F /* APIConstants.swift in Sources */ = {isa = PBXBuildFile; fileRef = 7EC468C32AA2AAAD00B6D28F /* APIConstants.swift */; };
		7EC468CC2AA2ADC700B6D28F /* UserAPI.swift in Sources */ = {isa = PBXBuildFile; fileRef = 7EC468CB2AA2ADC700B6D28F /* UserAPI.swift */; };
		7EC468CE2AA2ADD500B6D28F /* MoviesAPI.swift in Sources */ = {isa = PBXBuildFile; fileRef = 7EC468CD2AA2ADD500B6D28F /* MoviesAPI.swift */; };
		7EC468D22AA2AE0200B6D28F /* LocalStorage.swift in Sources */ = {isa = PBXBuildFile; fileRef = 7EC468D02AA2AE0200B6D28F /* LocalStorage.swift */; };
		7EC468D32AA2AE0200B6D28F /* LocalStorageImpl.swift in Sources */ = {isa = PBXBuildFile; fileRef = 7EC468D12AA2AE0200B6D28F /* LocalStorageImpl.swift */; };
		7EC468D52AA2AEB800B6D28F /* AuthAPI.swift in Sources */ = {isa = PBXBuildFile; fileRef = 7EC468D42AA2AEB800B6D28F /* AuthAPI.swift */; };
		7EC468D72AA2B4DE00B6D28F /* HomeViewHeaderCollectionResuableView.swift in Sources */ = {isa = PBXBuildFile; fileRef = 7EC468D62AA2B4DE00B6D28F /* HomeViewHeaderCollectionResuableView.swift */; };
		7EC468DB2AA2C38600B6D28F /* Environment.swift in Sources */ = {isa = PBXBuildFile; fileRef = 7EC468DA2AA2C38600B6D28F /* Environment.swift */; };
		7ECCCACC2A999A1B005F1138 /* HomeBarButtonItems.swift in Sources */ = {isa = PBXBuildFile; fileRef = 7ECCCACB2A999A1B005F1138 /* HomeBarButtonItems.swift */; };
		7EEAAD722A9920950087AF46 /* HomeViewController.swift in Sources */ = {isa = PBXBuildFile; fileRef = 7EEAAD712A9920950087AF46 /* HomeViewController.swift */; };
		7EEAAD752A9923390087AF46 /* HeaderMovieItemViewCell.swift in Sources */ = {isa = PBXBuildFile; fileRef = 7EEAAD742A9923390087AF46 /* HeaderMovieItemViewCell.swift */; };
		7EEAAD792A99321C0087AF46 /* HomeRouter.swift in Sources */ = {isa = PBXBuildFile; fileRef = 7EEAAD782A99321C0087AF46 /* HomeRouter.swift */; };
		7EEAAD7D2A9934110087AF46 /* HomeInteractor.swift in Sources */ = {isa = PBXBuildFile; fileRef = 7EEAAD7C2A9934110087AF46 /* HomeInteractor.swift */; };
		7EEAAD7F2A9934400087AF46 /* HomePresenter.swift in Sources */ = {isa = PBXBuildFile; fileRef = 7EEAAD7E2A9934400087AF46 /* HomePresenter.swift */; };
		7EEAAD822A993A140087AF46 /* ViperProtocols.swift in Sources */ = {isa = PBXBuildFile; fileRef = 7EEAAD812A993A140087AF46 /* ViperProtocols.swift */; };
		7EEAAD862A993C6D0087AF46 /* LaunchViewController.swift in Sources */ = {isa = PBXBuildFile; fileRef = 7EEAAD852A993C6D0087AF46 /* LaunchViewController.swift */; };
		7EEAAD882A993CA00087AF46 /* LaunchRouter.swift in Sources */ = {isa = PBXBuildFile; fileRef = 7EEAAD872A993CA00087AF46 /* LaunchRouter.swift */; };
		7EEAAD8A2A993CC80087AF46 /* LaunchInteractor.swift in Sources */ = {isa = PBXBuildFile; fileRef = 7EEAAD892A993CC80087AF46 /* LaunchInteractor.swift */; };
		7EEAAD8C2A993CD20087AF46 /* LaunchPresenter.swift in Sources */ = {isa = PBXBuildFile; fileRef = 7EEAAD8B2A993CD20087AF46 /* LaunchPresenter.swift */; };
		7EF4AFBD2A82DC970001B902 /* AppDelegate.swift in Sources */ = {isa = PBXBuildFile; fileRef = 7EF4AFBC2A82DC970001B902 /* AppDelegate.swift */; };
		7EF4AFBF2A82DC970001B902 /* SceneDelegate.swift in Sources */ = {isa = PBXBuildFile; fileRef = 7EF4AFBE2A82DC970001B902 /* SceneDelegate.swift */; };
		7EF4AFC62A82DC980001B902 /* Assets.xcassets in Resources */ = {isa = PBXBuildFile; fileRef = 7EF4AFC52A82DC980001B902 /* Assets.xcassets */; };
		7EF4AFC92A82DC980001B902 /* LaunchScreen.storyboard in Resources */ = {isa = PBXBuildFile; fileRef = 7EF4AFC72A82DC980001B902 /* LaunchScreen.storyboard */; };
/* End PBXBuildFile section */

/* Begin PBXCopyFilesBuildPhase section */
		7EC468B92AA2AA1C00B6D28F /* Embed Frameworks */ = {
			isa = PBXCopyFilesBuildPhase;
			buildActionMask = 2147483647;
			dstPath = "";
			dstSubfolderSpec = 10;
			files = (
				7EC468B82AA2AA1C00B6D28F /* Alamofire.xcframework in Embed Frameworks */,
				7EC468BF2AA2AA2300B6D28F /* RealmSwift.xcframework in Embed Frameworks */,
				7EC468BC2AA2AA2000B6D28F /* Realm.xcframework in Embed Frameworks */,
			);
			name = "Embed Frameworks";
			runOnlyForDeploymentPostprocessing = 0;
		};
/* End PBXCopyFilesBuildPhase section */

/* Begin PBXFileReference section */
		7E70DB192A9960230024FE23 /* AppRouter.swift */ = {isa = PBXFileReference; lastKnownFileType = sourcecode.swift; path = AppRouter.swift; sourceTree = "<group>"; };
		7EC468B62AA2AA1C00B6D28F /* Alamofire.xcframework */ = {isa = PBXFileReference; lastKnownFileType = wrapper.xcframework; name = Alamofire.xcframework; path = Carthage/Build/Alamofire.xcframework; sourceTree = "<group>"; };
		7EC468BA2AA2AA2000B6D28F /* Realm.xcframework */ = {isa = PBXFileReference; lastKnownFileType = wrapper.xcframework; name = Realm.xcframework; path = Carthage/Build/Realm.xcframework; sourceTree = "<group>"; };
		7EC468BD2AA2AA2200B6D28F /* RealmSwift.xcframework */ = {isa = PBXFileReference; lastKnownFileType = wrapper.xcframework; name = RealmSwift.xcframework; path = Carthage/Build/RealmSwift.xcframework; sourceTree = "<group>"; };
		7EC468C12AA2AAAD00B6D28F /* APIClientImpl.swift */ = {isa = PBXFileReference; fileEncoding = 4; lastKnownFileType = sourcecode.swift; path = APIClientImpl.swift; sourceTree = "<group>"; };
		7EC468C22AA2AAAD00B6D28F /* APIClient.swift */ = {isa = PBXFileReference; fileEncoding = 4; lastKnownFileType = sourcecode.swift; path = APIClient.swift; sourceTree = "<group>"; };
		7EC468C32AA2AAAD00B6D28F /* APIConstants.swift */ = {isa = PBXFileReference; fileEncoding = 4; lastKnownFileType = sourcecode.swift; path = APIConstants.swift; sourceTree = "<group>"; };
		7EC468CB2AA2ADC700B6D28F /* UserAPI.swift */ = {isa = PBXFileReference; lastKnownFileType = sourcecode.swift; path = UserAPI.swift; sourceTree = "<group>"; };
		7EC468CD2AA2ADD500B6D28F /* MoviesAPI.swift */ = {isa = PBXFileReference; lastKnownFileType = sourcecode.swift; path = MoviesAPI.swift; sourceTree = "<group>"; };
		7EC468D02AA2AE0200B6D28F /* LocalStorage.swift */ = {isa = PBXFileReference; fileEncoding = 4; lastKnownFileType = sourcecode.swift; path = LocalStorage.swift; sourceTree = "<group>"; };
		7EC468D12AA2AE0200B6D28F /* LocalStorageImpl.swift */ = {isa = PBXFileReference; fileEncoding = 4; lastKnownFileType = sourcecode.swift; path = LocalStorageImpl.swift; sourceTree = "<group>"; };
		7EC468D42AA2AEB800B6D28F /* AuthAPI.swift */ = {isa = PBXFileReference; lastKnownFileType = sourcecode.swift; path = AuthAPI.swift; sourceTree = "<group>"; };
		7EC468D62AA2B4DE00B6D28F /* HomeViewHeaderCollectionResuableView.swift */ = {isa = PBXFileReference; lastKnownFileType = sourcecode.swift; path = HomeViewHeaderCollectionResuableView.swift; sourceTree = "<group>"; };
		7EC468D82AA2C29200B6D28F /* Development.xcconfig */ = {isa = PBXFileReference; lastKnownFileType = text.xcconfig; path = Development.xcconfig; sourceTree = "<group>"; };
		7EC468DA2AA2C38600B6D28F /* Environment.swift */ = {isa = PBXFileReference; lastKnownFileType = sourcecode.swift; path = Environment.swift; sourceTree = "<group>"; };
		7ECCCACB2A999A1B005F1138 /* HomeBarButtonItems.swift */ = {isa = PBXFileReference; lastKnownFileType = sourcecode.swift; path = HomeBarButtonItems.swift; sourceTree = "<group>"; };
		7EEAAD712A9920950087AF46 /* HomeViewController.swift */ = {isa = PBXFileReference; lastKnownFileType = sourcecode.swift; path = HomeViewController.swift; sourceTree = "<group>"; };
		7EEAAD742A9923390087AF46 /* HeaderMovieItemViewCell.swift */ = {isa = PBXFileReference; lastKnownFileType = sourcecode.swift; path = HeaderMovieItemViewCell.swift; sourceTree = "<group>"; };
		7EEAAD782A99321C0087AF46 /* HomeRouter.swift */ = {isa = PBXFileReference; lastKnownFileType = sourcecode.swift; path = HomeRouter.swift; sourceTree = "<group>"; };
		7EEAAD7C2A9934110087AF46 /* HomeInteractor.swift */ = {isa = PBXFileReference; lastKnownFileType = sourcecode.swift; path = HomeInteractor.swift; sourceTree = "<group>"; };
		7EEAAD7E2A9934400087AF46 /* HomePresenter.swift */ = {isa = PBXFileReference; lastKnownFileType = sourcecode.swift; path = HomePresenter.swift; sourceTree = "<group>"; };
		7EEAAD812A993A140087AF46 /* ViperProtocols.swift */ = {isa = PBXFileReference; lastKnownFileType = sourcecode.swift; path = ViperProtocols.swift; sourceTree = "<group>"; };
		7EEAAD852A993C6D0087AF46 /* LaunchViewController.swift */ = {isa = PBXFileReference; lastKnownFileType = sourcecode.swift; path = LaunchViewController.swift; sourceTree = "<group>"; };
		7EEAAD872A993CA00087AF46 /* LaunchRouter.swift */ = {isa = PBXFileReference; lastKnownFileType = sourcecode.swift; path = LaunchRouter.swift; sourceTree = "<group>"; };
		7EEAAD892A993CC80087AF46 /* LaunchInteractor.swift */ = {isa = PBXFileReference; lastKnownFileType = sourcecode.swift; path = LaunchInteractor.swift; sourceTree = "<group>"; };
		7EEAAD8B2A993CD20087AF46 /* LaunchPresenter.swift */ = {isa = PBXFileReference; lastKnownFileType = sourcecode.swift; path = LaunchPresenter.swift; sourceTree = "<group>"; };
		7EF4AFB92A82DC970001B902 /* movies_uikit.app */ = {isa = PBXFileReference; explicitFileType = wrapper.application; includeInIndex = 0; path = movies_uikit.app; sourceTree = BUILT_PRODUCTS_DIR; };
		7EF4AFBC2A82DC970001B902 /* AppDelegate.swift */ = {isa = PBXFileReference; lastKnownFileType = sourcecode.swift; path = AppDelegate.swift; sourceTree = "<group>"; };
		7EF4AFBE2A82DC970001B902 /* SceneDelegate.swift */ = {isa = PBXFileReference; lastKnownFileType = sourcecode.swift; path = SceneDelegate.swift; sourceTree = "<group>"; };
		7EF4AFC52A82DC980001B902 /* Assets.xcassets */ = {isa = PBXFileReference; lastKnownFileType = folder.assetcatalog; path = Assets.xcassets; sourceTree = "<group>"; };
		7EF4AFC82A82DC980001B902 /* Base */ = {isa = PBXFileReference; lastKnownFileType = file.storyboard; name = Base; path = Base.lproj/LaunchScreen.storyboard; sourceTree = "<group>"; };
		7EF4AFCA2A82DC980001B902 /* Info.plist */ = {isa = PBXFileReference; lastKnownFileType = text.plist.xml; path = Info.plist; sourceTree = "<group>"; };
/* End PBXFileReference section */

/* Begin PBXFrameworksBuildPhase section */
		7EF4AFB62A82DC970001B902 /* Frameworks */ = {
			isa = PBXFrameworksBuildPhase;
			buildActionMask = 2147483647;
			files = (
				7EC468B72AA2AA1C00B6D28F /* Alamofire.xcframework in Frameworks */,
				7EC468BE2AA2AA2300B6D28F /* RealmSwift.xcframework in Frameworks */,
				7EC468BB2AA2AA2000B6D28F /* Realm.xcframework in Frameworks */,
			);
			runOnlyForDeploymentPostprocessing = 0;
		};
/* End PBXFrameworksBuildPhase section */

/* Begin PBXGroup section */
		7E70DB3D2A996DE70024FE23 /* Model */ = {
			isa = PBXGroup;
			children = (
				7E70DB442A996EA10024FE23 /* DTOs */,
				7E70DB432A996E960024FE23 /* Domains */,
			);
			path = Model;
			sourceTree = "<group>";
		};
		7E70DB3E2A996DEE0024FE23 /* Repositories */ = {
			isa = PBXGroup;
			children = (
				7EC468C92AA2AD8F00B6D28F /* Movies Repository */,
				7EC468C82AA2AD8200B6D28F /* Auth Repository */,
				7EC468C72AA2AD1100B6D28F /* User Repository */,
			);
			path = Repositories;
			sourceTree = "<group>";
		};
		7E70DB3F2A996E070024FE23 /* Networking */ = {
			isa = PBXGroup;
			children = (
				7EC468C02AA2AAAD00B6D28F /* APIClient */,
			);
			path = Networking;
			sourceTree = "<group>";
		};
		7E70DB412A996E2C0024FE23 /* Datasources */ = {
			isa = PBXGroup;
			children = (
				7EC468CB2AA2ADC700B6D28F /* UserAPI.swift */,
				7EC468CD2AA2ADD500B6D28F /* MoviesAPI.swift */,
				7EC468D42AA2AEB800B6D28F /* AuthAPI.swift */,
			);
			path = Datasources;
			sourceTree = "<group>";
		};
		7E70DB432A996E960024FE23 /* Domains */ = {
			isa = PBXGroup;
			children = (
			);
			path = Domains;
			sourceTree = "<group>";
		};
		7E70DB442A996EA10024FE23 /* DTOs */ = {
			isa = PBXGroup;
			children = (
			);
			path = DTOs;
			sourceTree = "<group>";
		};
		7E70DB452A996ED50024FE23 /* Views */ = {
			isa = PBXGroup;
			children = (
			);
			path = Views;
			sourceTree = "<group>";
		};
		7EC468962A9EDB2800B6D28F /* Extensions */ = {
			isa = PBXGroup;
			children = (
			);
			path = Extensions;
			sourceTree = "<group>";
		};
		7EC468B52AA2AA1C00B6D28F /* Frameworks */ = {
			isa = PBXGroup;
			children = (
				7EC468BD2AA2AA2200B6D28F /* RealmSwift.xcframework */,
				7EC468BA2AA2AA2000B6D28F /* Realm.xcframework */,
				7EC468B62AA2AA1C00B6D28F /* Alamofire.xcframework */,
			);
			name = Frameworks;
			sourceTree = "<group>";
		};
		7EC468C02AA2AAAD00B6D28F /* APIClient */ = {
			isa = PBXGroup;
			children = (
				7EC468C12AA2AAAD00B6D28F /* APIClientImpl.swift */,
				7EC468C22AA2AAAD00B6D28F /* APIClient.swift */,
				7EC468C32AA2AAAD00B6D28F /* APIConstants.swift */,
			);
			path = APIClient;
			sourceTree = "<group>";
		};
		7EC468C72AA2AD1100B6D28F /* User Repository */ = {
			isa = PBXGroup;
			children = (
			);
			path = "User Repository";
			sourceTree = "<group>";
		};
		7EC468C82AA2AD8200B6D28F /* Auth Repository */ = {
			isa = PBXGroup;
			children = (
			);
			path = "Auth Repository";
			sourceTree = "<group>";
		};
		7EC468C92AA2AD8F00B6D28F /* Movies Repository */ = {
			isa = PBXGroup;
			children = (
			);
			path = "Movies Repository";
			sourceTree = "<group>";
		};
		7EC468CF2AA2AE0200B6D28F /* Local Storage */ = {
			isa = PBXGroup;
			children = (
				7EC468D02AA2AE0200B6D28F /* LocalStorage.swift */,
				7EC468D12AA2AE0200B6D28F /* LocalStorageImpl.swift */,
			);
			path = "Local Storage";
			sourceTree = "<group>";
		};
		7EEAAD5D2A98E1710087AF46 /* Application */ = {
			isa = PBXGroup;
			children = (
				7EF4AFBC2A82DC970001B902 /* AppDelegate.swift */,
				7EF4AFBE2A82DC970001B902 /* SceneDelegate.swift */,
				7EF4AFC72A82DC980001B902 /* LaunchScreen.storyboard */,
				7EC468DA2AA2C38600B6D28F /* Environment.swift */,
			);
			path = Application;
			sourceTree = "<group>";
		};
		7EEAAD5E2A98E1770087AF46 /* Assets */ = {
			isa = PBXGroup;
			children = (
				7EF4AFC52A82DC980001B902 /* Assets.xcassets */,
			);
			path = Assets;
			sourceTree = "<group>";
		};
		7EEAAD5F2A98E1800087AF46 /* Modules */ = {
			isa = PBXGroup;
			children = (
				7EEAAD802A9937510087AF46 /* Shared */,
				7EEAAD832A993C390087AF46 /* Launch */,
				7EEAAD622A98E1FC0087AF46 /* Home */,
			);
			path = Modules;
			sourceTree = "<group>";
		};
		7EEAAD612A98E1F00087AF46 /* Data */ = {
			isa = PBXGroup;
			children = (
				7EC468CF2AA2AE0200B6D28F /* Local Storage */,
				7E70DB3F2A996E070024FE23 /* Networking */,
				7E70DB412A996E2C0024FE23 /* Datasources */,
				7E70DB3E2A996DEE0024FE23 /* Repositories */,
				7E70DB3D2A996DE70024FE23 /* Model */,
			);
			path = Data;
			sourceTree = "<group>";
		};
		7EEAAD622A98E1FC0087AF46 /* Home */ = {
			isa = PBXGroup;
			children = (
				7EC468962A9EDB2800B6D28F /* Extensions */,
				7EEAAD762A9930A50087AF46 /* Components */,
				7EEAAD732A9922FF0087AF46 /* Views */,
				7EEAAD712A9920950087AF46 /* HomeViewController.swift */,
			);
			path = Home;
			sourceTree = "<group>";
		};
		7EEAAD732A9922FF0087AF46 /* Views */ = {
			isa = PBXGroup;
			children = (
				7EEAAD742A9923390087AF46 /* HeaderMovieItemViewCell.swift */,
				7ECCCACB2A999A1B005F1138 /* HomeBarButtonItems.swift */,
				7EC468D62AA2B4DE00B6D28F /* HomeViewHeaderCollectionResuableView.swift */,
			);
			path = Views;
			sourceTree = "<group>";
		};
		7EEAAD762A9930A50087AF46 /* Components */ = {
			isa = PBXGroup;
			children = (
				7EEAAD7C2A9934110087AF46 /* HomeInteractor.swift */,
				7EEAAD782A99321C0087AF46 /* HomeRouter.swift */,
				7EEAAD7E2A9934400087AF46 /* HomePresenter.swift */,
			);
			path = Components;
			sourceTree = "<group>";
		};
		7EEAAD802A9937510087AF46 /* Shared */ = {
			isa = PBXGroup;
			children = (
				7E70DB452A996ED50024FE23 /* Views */,
				7EEAAD812A993A140087AF46 /* ViperProtocols.swift */,
				7E70DB192A9960230024FE23 /* AppRouter.swift */,
			);
			path = Shared;
			sourceTree = "<group>";
		};
		7EEAAD832A993C390087AF46 /* Launch */ = {
			isa = PBXGroup;
			children = (
				7EEAAD842A993C540087AF46 /* Components */,
				7EEAAD852A993C6D0087AF46 /* LaunchViewController.swift */,
			);
			path = Launch;
			sourceTree = "<group>";
		};
		7EEAAD842A993C540087AF46 /* Components */ = {
			isa = PBXGroup;
			children = (
				7EEAAD872A993CA00087AF46 /* LaunchRouter.swift */,
				7EEAAD892A993CC80087AF46 /* LaunchInteractor.swift */,
				7EEAAD8B2A993CD20087AF46 /* LaunchPresenter.swift */,
			);
			path = Components;
			sourceTree = "<group>";
		};
		7EF4AFB02A82DC970001B902 = {
			isa = PBXGroup;
			children = (
				7EF4AFBB2A82DC970001B902 /* movies_uikit */,
				7EF4AFBA2A82DC970001B902 /* Products */,
				7EC468B52AA2AA1C00B6D28F /* Frameworks */,
			);
			sourceTree = "<group>";
		};
		7EF4AFBA2A82DC970001B902 /* Products */ = {
			isa = PBXGroup;
			children = (
				7EF4AFB92A82DC970001B902 /* movies_uikit.app */,
			);
			name = Products;
			sourceTree = "<group>";
		};
		7EF4AFBB2A82DC970001B902 /* movies_uikit */ = {
			isa = PBXGroup;
			children = (
				7EEAAD5E2A98E1770087AF46 /* Assets */,
				7EEAAD5D2A98E1710087AF46 /* Application */,
				7EEAAD612A98E1F00087AF46 /* Data */,
				7EEAAD5F2A98E1800087AF46 /* Modules */,
				7EF4AFCA2A82DC980001B902 /* Info.plist */,
				7EC468D82AA2C29200B6D28F /* Development.xcconfig */,
			);
			path = movies_uikit;
			sourceTree = "<group>";
		};
/* End PBXGroup section */

/* Begin PBXNativeTarget section */
		7EF4AFB82A82DC970001B902 /* movies_uikit */ = {
			isa = PBXNativeTarget;
			buildConfigurationList = 7EF4AFCD2A82DC980001B902 /* Build configuration list for PBXNativeTarget "movies_uikit" */;
			buildPhases = (
				7EF4AFB52A82DC970001B902 /* Sources */,
				7EF4AFB62A82DC970001B902 /* Frameworks */,
				7EF4AFB72A82DC970001B902 /* Resources */,
				7EC468B42AA2A79F00B6D28F /* ShellScript */,
				7EC468B92AA2AA1C00B6D28F /* Embed Frameworks */,
			);
			buildRules = (
			);
			dependencies = (
			);
			name = movies_uikit;
			productName = movies_uikit;
			productReference = 7EF4AFB92A82DC970001B902 /* movies_uikit.app */;
			productType = "com.apple.product-type.application";
		};
/* End PBXNativeTarget section */

/* Begin PBXProject section */
		7EF4AFB12A82DC970001B902 /* Project object */ = {
			isa = PBXProject;
			attributes = {
				BuildIndependentTargetsInParallel = 1;
				LastSwiftUpdateCheck = 1430;
				LastUpgradeCheck = 1430;
				TargetAttributes = {
					7EF4AFB82A82DC970001B902 = {
						CreatedOnToolsVersion = 14.3.1;
					};
				};
			};
			buildConfigurationList = 7EF4AFB42A82DC970001B902 /* Build configuration list for PBXProject "movies_uikit" */;
			compatibilityVersion = "Xcode 14.0";
			developmentRegion = en;
			hasScannedForEncodings = 0;
			knownRegions = (
				en,
				Base,
			);
			mainGroup = 7EF4AFB02A82DC970001B902;
			productRefGroup = 7EF4AFBA2A82DC970001B902 /* Products */;
			projectDirPath = "";
			projectRoot = "";
			targets = (
				7EF4AFB82A82DC970001B902 /* movies_uikit */,
			);
		};
/* End PBXProject section */

/* Begin PBXResourcesBuildPhase section */
		7EF4AFB72A82DC970001B902 /* Resources */ = {
			isa = PBXResourcesBuildPhase;
			buildActionMask = 2147483647;
			files = (
				7EF4AFC92A82DC980001B902 /* LaunchScreen.storyboard in Resources */,
				7EF4AFC62A82DC980001B902 /* Assets.xcassets in Resources */,
			);
			runOnlyForDeploymentPostprocessing = 0;
		};
/* End PBXResourcesBuildPhase section */

/* Begin PBXShellScriptBuildPhase section */
		7EC468B42AA2A79F00B6D28F /* ShellScript */ = {
			isa = PBXShellScriptBuildPhase;
			alwaysOutOfDate = 1;
			buildActionMask = 2147483647;
			files = (
			);
			inputFileListPaths = (
			);
			inputPaths = (
				"$(SRCROOT)/Carthage/Build/Alamofire.framework",
				"$(SRCROOT)/Carthage/Build/Realm.framework",
				"$(SRCROOT)/Carthage/Build/RealmSwift.framework",
			);
			outputFileListPaths = (
			);
			outputPaths = (
			);
			runOnlyForDeploymentPostprocessing = 0;
			shellPath = /bin/sh;
			shellScript = "# Type a script or drag a script file from your workspace to insert its path.\nCARTHAGEP=\"$(which carthage) copy-frameworks\"\n$CARTHAGE\n";
		};
/* End PBXShellScriptBuildPhase section */

/* Begin PBXSourcesBuildPhase section */
		7EF4AFB52A82DC970001B902 /* Sources */ = {
			isa = PBXSourcesBuildPhase;
			buildActionMask = 2147483647;
			files = (
				7EEAAD822A993A140087AF46 /* ViperProtocols.swift in Sources */,
				7EC468DB2AA2C38600B6D28F /* Environment.swift in Sources */,
				7EC468D22AA2AE0200B6D28F /* LocalStorage.swift in Sources */,
				7EC468D52AA2AEB800B6D28F /* AuthAPI.swift in Sources */,
				7EEAAD8A2A993CC80087AF46 /* LaunchInteractor.swift in Sources */,
				7EC468C62AA2AAAD00B6D28F /* APIConstants.swift in Sources */,
				7EC468D32AA2AE0200B6D28F /* LocalStorageImpl.swift in Sources */,
				7EEAAD882A993CA00087AF46 /* LaunchRouter.swift in Sources */,
				7EC468C52AA2AAAD00B6D28F /* APIClient.swift in Sources */,
				7EC468C42AA2AAAD00B6D28F /* APIClientImpl.swift in Sources */,
				7ECCCACC2A999A1B005F1138 /* HomeBarButtonItems.swift in Sources */,
				7EEAAD7D2A9934110087AF46 /* HomeInteractor.swift in Sources */,
				7EEAAD8C2A993CD20087AF46 /* LaunchPresenter.swift in Sources */,
				7EC468D72AA2B4DE00B6D28F /* HomeViewHeaderCollectionResuableView.swift in Sources */,
				7EEAAD752A9923390087AF46 /* HeaderMovieItemViewCell.swift in Sources */,
				7EEAAD722A9920950087AF46 /* HomeViewController.swift in Sources */,
				7EEAAD862A993C6D0087AF46 /* LaunchViewController.swift in Sources */,
				7EC468CE2AA2ADD500B6D28F /* MoviesAPI.swift in Sources */,
				7EEAAD7F2A9934400087AF46 /* HomePresenter.swift in Sources */,
				7E70DB1A2A9960230024FE23 /* AppRouter.swift in Sources */,
				7EF4AFBD2A82DC970001B902 /* AppDelegate.swift in Sources */,
				7EF4AFBF2A82DC970001B902 /* SceneDelegate.swift in Sources */,
				7EEAAD792A99321C0087AF46 /* HomeRouter.swift in Sources */,
				7EC468CC2AA2ADC700B6D28F /* UserAPI.swift in Sources */,
			);
			runOnlyForDeploymentPostprocessing = 0;
		};
/* End PBXSourcesBuildPhase section */

/* Begin PBXVariantGroup section */
		7EF4AFC72A82DC980001B902 /* LaunchScreen.storyboard */ = {
			isa = PBXVariantGroup;
			children = (
				7EF4AFC82A82DC980001B902 /* Base */,
			);
			name = LaunchScreen.storyboard;
			sourceTree = "<group>";
		};
/* End PBXVariantGroup section */

/* Begin XCBuildConfiguration section */
		7EF4AFCB2A82DC980001B902 /* Debug */ = {
			isa = XCBuildConfiguration;
			baseConfigurationReference = 7EC468D82AA2C29200B6D28F /* Development.xcconfig */;
			buildSettings = {
				ALWAYS_SEARCH_USER_PATHS = NO;
				CLANG_ANALYZER_NONNULL = YES;
				CLANG_ANALYZER_NUMBER_OBJECT_CONVERSION = YES_AGGRESSIVE;
				CLANG_CXX_LANGUAGE_STANDARD = "gnu++20";
				CLANG_ENABLE_MODULES = YES;
				CLANG_ENABLE_OBJC_ARC = YES;
				CLANG_ENABLE_OBJC_WEAK = YES;
				CLANG_WARN_BLOCK_CAPTURE_AUTORELEASING = YES;
				CLANG_WARN_BOOL_CONVERSION = YES;
				CLANG_WARN_COMMA = YES;
				CLANG_WARN_CONSTANT_CONVERSION = YES;
				CLANG_WARN_DEPRECATED_OBJC_IMPLEMENTATIONS = YES;
				CLANG_WARN_DIRECT_OBJC_ISA_USAGE = YES_ERROR;
				CLANG_WARN_DOCUMENTATION_COMMENTS = YES;
				CLANG_WARN_EMPTY_BODY = YES;
				CLANG_WARN_ENUM_CONVERSION = YES;
				CLANG_WARN_INFINITE_RECURSION = YES;
				CLANG_WARN_INT_CONVERSION = YES;
				CLANG_WARN_NON_LITERAL_NULL_CONVERSION = YES;
				CLANG_WARN_OBJC_IMPLICIT_RETAIN_SELF = YES;
				CLANG_WARN_OBJC_LITERAL_CONVERSION = YES;
				CLANG_WARN_OBJC_ROOT_CLASS = YES_ERROR;
				CLANG_WARN_QUOTED_INCLUDE_IN_FRAMEWORK_HEADER = YES;
				CLANG_WARN_RANGE_LOOP_ANALYSIS = YES;
				CLANG_WARN_STRICT_PROTOTYPES = YES;
				CLANG_WARN_SUSPICIOUS_MOVE = YES;
				CLANG_WARN_UNGUARDED_AVAILABILITY = YES_AGGRESSIVE;
				CLANG_WARN_UNREACHABLE_CODE = YES;
				CLANG_WARN__DUPLICATE_METHOD_MATCH = YES;
				COPY_PHASE_STRIP = NO;
				DEBUG_INFORMATION_FORMAT = dwarf;
				ENABLE_STRICT_OBJC_MSGSEND = YES;
				ENABLE_TESTABILITY = YES;
				GCC_C_LANGUAGE_STANDARD = gnu11;
				GCC_DYNAMIC_NO_PIC = NO;
				GCC_NO_COMMON_BLOCKS = YES;
				GCC_OPTIMIZATION_LEVEL = 0;
				GCC_PREPROCESSOR_DEFINITIONS = (
					"DEBUG=1",
					"$(inherited)",
				);
				GCC_WARN_64_TO_32_BIT_CONVERSION = YES;
				GCC_WARN_ABOUT_RETURN_TYPE = YES_ERROR;
				GCC_WARN_UNDECLARED_SELECTOR = YES;
				GCC_WARN_UNINITIALIZED_AUTOS = YES_AGGRESSIVE;
				GCC_WARN_UNUSED_FUNCTION = YES;
				GCC_WARN_UNUSED_VARIABLE = YES;
				IPHONEOS_DEPLOYMENT_TARGET = 16.4;
				MTL_ENABLE_DEBUG_INFO = INCLUDE_SOURCE;
				MTL_FAST_MATH = YES;
				ONLY_ACTIVE_ARCH = YES;
				SDKROOT = iphoneos;
				SWIFT_ACTIVE_COMPILATION_CONDITIONS = DEBUG;
				SWIFT_OPTIMIZATION_LEVEL = "-Onone";
			};
			name = Debug;
		};
		7EF4AFCC2A82DC980001B902 /* Release */ = {
			isa = XCBuildConfiguration;
			baseConfigurationReference = 7EC468D82AA2C29200B6D28F /* Development.xcconfig */;
			buildSettings = {
				ALWAYS_SEARCH_USER_PATHS = NO;
				CLANG_ANALYZER_NONNULL = YES;
				CLANG_ANALYZER_NUMBER_OBJECT_CONVERSION = YES_AGGRESSIVE;
				CLANG_CXX_LANGUAGE_STANDARD = "gnu++20";
				CLANG_ENABLE_MODULES = YES;
				CLANG_ENABLE_OBJC_ARC = YES;
				CLANG_ENABLE_OBJC_WEAK = YES;
				CLANG_WARN_BLOCK_CAPTURE_AUTORELEASING = YES;
				CLANG_WARN_BOOL_CONVERSION = YES;
				CLANG_WARN_COMMA = YES;
				CLANG_WARN_CONSTANT_CONVERSION = YES;
				CLANG_WARN_DEPRECATED_OBJC_IMPLEMENTATIONS = YES;
				CLANG_WARN_DIRECT_OBJC_ISA_USAGE = YES_ERROR;
				CLANG_WARN_DOCUMENTATION_COMMENTS = YES;
				CLANG_WARN_EMPTY_BODY = YES;
				CLANG_WARN_ENUM_CONVERSION = YES;
				CLANG_WARN_INFINITE_RECURSION = YES;
				CLANG_WARN_INT_CONVERSION = YES;
				CLANG_WARN_NON_LITERAL_NULL_CONVERSION = YES;
				CLANG_WARN_OBJC_IMPLICIT_RETAIN_SELF = YES;
				CLANG_WARN_OBJC_LITERAL_CONVERSION = YES;
				CLANG_WARN_OBJC_ROOT_CLASS = YES_ERROR;
				CLANG_WARN_QUOTED_INCLUDE_IN_FRAMEWORK_HEADER = YES;
				CLANG_WARN_RANGE_LOOP_ANALYSIS = YES;
				CLANG_WARN_STRICT_PROTOTYPES = YES;
				CLANG_WARN_SUSPICIOUS_MOVE = YES;
				CLANG_WARN_UNGUARDED_AVAILABILITY = YES_AGGRESSIVE;
				CLANG_WARN_UNREACHABLE_CODE = YES;
				CLANG_WARN__DUPLICATE_METHOD_MATCH = YES;
				COPY_PHASE_STRIP = NO;
				DEBUG_INFORMATION_FORMAT = "dwarf-with-dsym";
				ENABLE_NS_ASSERTIONS = NO;
				ENABLE_STRICT_OBJC_MSGSEND = YES;
				GCC_C_LANGUAGE_STANDARD = gnu11;
				GCC_NO_COMMON_BLOCKS = YES;
				GCC_WARN_64_TO_32_BIT_CONVERSION = YES;
				GCC_WARN_ABOUT_RETURN_TYPE = YES_ERROR;
				GCC_WARN_UNDECLARED_SELECTOR = YES;
				GCC_WARN_UNINITIALIZED_AUTOS = YES_AGGRESSIVE;
				GCC_WARN_UNUSED_FUNCTION = YES;
				GCC_WARN_UNUSED_VARIABLE = YES;
				IPHONEOS_DEPLOYMENT_TARGET = 16.4;
				MTL_ENABLE_DEBUG_INFO = NO;
				MTL_FAST_MATH = YES;
				SDKROOT = iphoneos;
				SWIFT_COMPILATION_MODE = wholemodule;
				SWIFT_OPTIMIZATION_LEVEL = "-O";
				VALIDATE_PRODUCT = YES;
			};
			name = Release;
		};
		7EF4AFCE2A82DC980001B902 /* Debug */ = {
			isa = XCBuildConfiguration;
			buildSettings = {
				ASSETCATALOG_COMPILER_APPICON_NAME = AppIcon;
				ASSETCATALOG_COMPILER_GLOBAL_ACCENT_COLOR_NAME = AccentColor;
				CODE_SIGN_STYLE = Automatic;
				CURRENT_PROJECT_VERSION = 1;
				DEVELOPMENT_TEAM = 3G33A99C47;
				GENERATE_INFOPLIST_FILE = YES;
				INFOPLIST_FILE = movies_uikit/Info.plist;
				INFOPLIST_KEY_UIApplicationSupportsIndirectInputEvents = YES;
				INFOPLIST_KEY_UILaunchStoryboardName = LaunchScreen;
				INFOPLIST_KEY_UISupportedInterfaceOrientations = "UIInterfaceOrientationLandscapeLeft UIInterfaceOrientationLandscapeRight UIInterfaceOrientationPortrait UIInterfaceOrientationPortraitUpsideDown";
				LD_RUNPATH_SEARCH_PATHS = (
					"$(inherited)",
					"@executable_path/Frameworks",
				);
				MARKETING_VERSION = 1.0;
				PRODUCT_BUNDLE_IDENTIFIER = "com.aob.movies-uikit";
				PRODUCT_NAME = "$(TARGET_NAME)";
				SWIFT_EMIT_LOC_STRINGS = YES;
				SWIFT_VERSION = 5.0;
				TARGETED_DEVICE_FAMILY = "1,2";
			};
			name = Debug;
		};
		7EF4AFCF2A82DC980001B902 /* Release */ = {
			isa = XCBuildConfiguration;
			buildSettings = {
				ASSETCATALOG_COMPILER_APPICON_NAME = AppIcon;
				ASSETCATALOG_COMPILER_GLOBAL_ACCENT_COLOR_NAME = AccentColor;
				CODE_SIGN_STYLE = Automatic;
				CURRENT_PROJECT_VERSION = 1;
				DEVELOPMENT_TEAM = 3G33A99C47;
				GENERATE_INFOPLIST_FILE = YES;
				INFOPLIST_FILE = movies_uikit/Info.plist;
				INFOPLIST_KEY_UIApplicationSupportsIndirectInputEvents = YES;
				INFOPLIST_KEY_UILaunchStoryboardName = LaunchScreen;
				INFOPLIST_KEY_UISupportedInterfaceOrientations = "UIInterfaceOrientationLandscapeLeft UIInterfaceOrientationLandscapeRight UIInterfaceOrientationPortrait UIInterfaceOrientationPortraitUpsideDown";
				LD_RUNPATH_SEARCH_PATHS = (
					"$(inherited)",
					"@executable_path/Frameworks",
				);
				MARKETING_VERSION = 1.0;
				PRODUCT_BUNDLE_IDENTIFIER = "com.aob.movies-uikit";
				PRODUCT_NAME = "$(TARGET_NAME)";
				SWIFT_EMIT_LOC_STRINGS = YES;
				SWIFT_VERSION = 5.0;
				TARGETED_DEVICE_FAMILY = "1,2";
			};
			name = Release;
		};
/* End XCBuildConfiguration section */

/* Begin XCConfigurationList section */
		7EF4AFB42A82DC970001B902 /* Build configuration list for PBXProject "movies_uikit" */ = {
			isa = XCConfigurationList;
			buildConfigurations = (
				7EF4AFCB2A82DC980001B902 /* Debug */,
				7EF4AFCC2A82DC980001B902 /* Release */,
			);
			defaultConfigurationIsVisible = 0;
			defaultConfigurationName = Release;
		};
		7EF4AFCD2A82DC980001B902 /* Build configuration list for PBXNativeTarget "movies_uikit" */ = {
			isa = XCConfigurationList;
			buildConfigurations = (
				7EF4AFCE2A82DC980001B902 /* Debug */,
				7EF4AFCF2A82DC980001B902 /* Release */,
			);
			defaultConfigurationIsVisible = 0;
			defaultConfigurationName = Release;
		};
/* End XCConfigurationList section */
	};
	rootObject = 7EF4AFB12A82DC970001B902 /* Project object */;
}
