// !$*UTF8*$!
{
	archiveVersion = 1;
	classes = {
	};
	objectVersion = 56;
	objects = {

/* Begin PBXBuildFile section */
		7E0807C62AA3997E00E6E5C2 /* SDWebImage.xcframework in Frameworks */ = {isa = PBXBuildFile; fileRef = 7E0807C52AA3997E00E6E5C2 /* SDWebImage.xcframework */; };
		7E0807C72AA3997E00E6E5C2 /* SDWebImage.xcframework in Embed Frameworks */ = {isa = PBXBuildFile; fileRef = 7E0807C52AA3997E00E6E5C2 /* SDWebImage.xcframework */; settings = {ATTRIBUTES = (CodeSignOnCopy, RemoveHeadersOnCopy, ); }; };
		7E0807C92AA399C000E6E5C2 /* SDWebImageMapKit.xcframework in Frameworks */ = {isa = PBXBuildFile; fileRef = 7E0807C82AA399C000E6E5C2 /* SDWebImageMapKit.xcframework */; };
		7E0807CA2AA399C000E6E5C2 /* SDWebImageMapKit.xcframework in Embed Frameworks */ = {isa = PBXBuildFile; fileRef = 7E0807C82AA399C000E6E5C2 /* SDWebImageMapKit.xcframework */; settings = {ATTRIBUTES = (CodeSignOnCopy, RemoveHeadersOnCopy, ); }; };
		7E0807CD2AA3A13900E6E5C2 /* MainTabBarViewController.swift in Sources */ = {isa = PBXBuildFile; fileRef = 7E0807CC2AA3A13900E6E5C2 /* MainTabBarViewController.swift */; };
		7E0807D02AA3A2EF00E6E5C2 /* LibraryViewController.swift in Sources */ = {isa = PBXBuildFile; fileRef = 7E0807CF2AA3A2EF00E6E5C2 /* LibraryViewController.swift */; };
		7E0807D32AA3AD7000E6E5C2 /* DetailViewController.swift in Sources */ = {isa = PBXBuildFile; fileRef = 7E0807D22AA3AD7000E6E5C2 /* DetailViewController.swift */; };
		7E0807D92AA3ED8B00E6E5C2 /* UserRepository.swift in Sources */ = {isa = PBXBuildFile; fileRef = 7E0807D82AA3ED8B00E6E5C2 /* UserRepository.swift */; };
		7E0807DB2AA3ED9800E6E5C2 /* UserRepositoryImpl.swift in Sources */ = {isa = PBXBuildFile; fileRef = 7E0807DA2AA3ED9800E6E5C2 /* UserRepositoryImpl.swift */; };
		7E0807DD2AA3F9CE00E6E5C2 /* SubSectionItemCollectionViewCell.swift in Sources */ = {isa = PBXBuildFile; fileRef = 7E0807DC2AA3F9CE00E6E5C2 /* SubSectionItemCollectionViewCell.swift */; };
		7E0807E02AA40C1200E6E5C2 /* TVShowsViewController.swift in Sources */ = {isa = PBXBuildFile; fileRef = 7E0807DF2AA40C1200E6E5C2 /* TVShowsViewController.swift */; };
		7E0807E82AA40F2500E6E5C2 /* TVShowsInteractor.swift in Sources */ = {isa = PBXBuildFile; fileRef = 7E0807E72AA40F2500E6E5C2 /* TVShowsInteractor.swift */; };
		7E0807EA2AA40F3500E6E5C2 /* TVShowsRouter.swift in Sources */ = {isa = PBXBuildFile; fileRef = 7E0807E92AA40F3500E6E5C2 /* TVShowsRouter.swift */; };
		7E0807EC2AA40F4000E6E5C2 /* TVShowsPresenter.swift in Sources */ = {isa = PBXBuildFile; fileRef = 7E0807EB2AA40F4000E6E5C2 /* TVShowsPresenter.swift */; };
		7E0807EF2AA410C000E6E5C2 /* LibraryRouter.swift in Sources */ = {isa = PBXBuildFile; fileRef = 7E0807EE2AA410C000E6E5C2 /* LibraryRouter.swift */; };
		7E0807F12AA410CD00E6E5C2 /* LibraryInteractor.swift in Sources */ = {isa = PBXBuildFile; fileRef = 7E0807F02AA410CD00E6E5C2 /* LibraryInteractor.swift */; };
		7E0807F32AA410D600E6E5C2 /* LibraryPresenter.swift in Sources */ = {isa = PBXBuildFile; fileRef = 7E0807F22AA410D600E6E5C2 /* LibraryPresenter.swift */; };
		7E0807F62AA4122600E6E5C2 /* DetailRouter.swift in Sources */ = {isa = PBXBuildFile; fileRef = 7E0807F52AA4122600E6E5C2 /* DetailRouter.swift */; };
		7E0807F82AA4122F00E6E5C2 /* DetailInteractor.swift in Sources */ = {isa = PBXBuildFile; fileRef = 7E0807F72AA4122F00E6E5C2 /* DetailInteractor.swift */; };
		7E0807FA2AA4125100E6E5C2 /* DetailPresenter.swift in Sources */ = {isa = PBXBuildFile; fileRef = 7E0807F92AA4125100E6E5C2 /* DetailPresenter.swift */; };
		7E0807FD2AA4242400E6E5C2 /* TVShowsBarButtonItem.swift in Sources */ = {isa = PBXBuildFile; fileRef = 7E0807FC2AA4242400E6E5C2 /* TVShowsBarButtonItem.swift */; };
		7E1B87672AA42FA70023A20D /* TVShowsResponse.swift in Sources */ = {isa = PBXBuildFile; fileRef = 7E1B87662AA42FA70023A20D /* TVShowsResponse.swift */; };
		7E1B87692AA53DBB0023A20D /* ReusableTableViewController.swift in Sources */ = {isa = PBXBuildFile; fileRef = 7E1B87682AA53DBB0023A20D /* ReusableTableViewController.swift */; };
		7E1B876C2AA54AEF0023A20D /* LibraryBarButtonItem.swift in Sources */ = {isa = PBXBuildFile; fileRef = 7E1B876B2AA54AEF0023A20D /* LibraryBarButtonItem.swift */; };
		7E1B87702AA56F960023A20D /* LibraryTabBarView.swift in Sources */ = {isa = PBXBuildFile; fileRef = 7E1B876F2AA56F960023A20D /* LibraryTabBarView.swift */; };
		7E1B87722AA57A9E0023A20D /* Colors.swift in Sources */ = {isa = PBXBuildFile; fileRef = 7E1B87712AA57A9E0023A20D /* Colors.swift */; };
		7E1B87742AA57AA40023A20D /* Fonts.swift in Sources */ = {isa = PBXBuildFile; fileRef = 7E1B87732AA57AA40023A20D /* Fonts.swift */; };
		7E1B87832AA57B6E0023A20D /* Montserrat-SemiBold.ttf in Resources */ = {isa = PBXBuildFile; fileRef = 7E1B87762AA57B6E0023A20D /* Montserrat-SemiBold.ttf */; };
		7E1B87842AA57B6E0023A20D /* Montserrat-Light.ttf in Resources */ = {isa = PBXBuildFile; fileRef = 7E1B87772AA57B6E0023A20D /* Montserrat-Light.ttf */; };
		7E1B87852AA57B6E0023A20D /* Montserrat-MediumItalic.ttf in Resources */ = {isa = PBXBuildFile; fileRef = 7E1B87782AA57B6E0023A20D /* Montserrat-MediumItalic.ttf */; };
		7E1B87862AA57B6E0023A20D /* Montserrat-LightItalic.ttf in Resources */ = {isa = PBXBuildFile; fileRef = 7E1B87792AA57B6E0023A20D /* Montserrat-LightItalic.ttf */; };
		7E1B87872AA57B6E0023A20D /* Montserrat-ExtraLightItalic.ttf in Resources */ = {isa = PBXBuildFile; fileRef = 7E1B877A2AA57B6E0023A20D /* Montserrat-ExtraLightItalic.ttf */; };
		7E1B87882AA57B6E0023A20D /* Montserrat-BoldItalic.ttf in Resources */ = {isa = PBXBuildFile; fileRef = 7E1B877B2AA57B6E0023A20D /* Montserrat-BoldItalic.ttf */; };
		7E1B87892AA57B6E0023A20D /* Montserrat-BlackItalic.ttf in Resources */ = {isa = PBXBuildFile; fileRef = 7E1B877C2AA57B6E0023A20D /* Montserrat-BlackItalic.ttf */; };
		7E1B878A2AA57B6E0023A20D /* Montserrat-Medium.ttf in Resources */ = {isa = PBXBuildFile; fileRef = 7E1B877D2AA57B6E0023A20D /* Montserrat-Medium.ttf */; };
		7E1B878B2AA57B6E0023A20D /* Montserrat-Bold.ttf in Resources */ = {isa = PBXBuildFile; fileRef = 7E1B877E2AA57B6E0023A20D /* Montserrat-Bold.ttf */; };
		7E1B878C2AA57B6E0023A20D /* Montserrat-SemiBoldItalic.ttf in Resources */ = {isa = PBXBuildFile; fileRef = 7E1B877F2AA57B6E0023A20D /* Montserrat-SemiBoldItalic.ttf */; };
		7E1B878D2AA57B6E0023A20D /* Montserrat-ExtraLight.ttf in Resources */ = {isa = PBXBuildFile; fileRef = 7E1B87802AA57B6E0023A20D /* Montserrat-ExtraLight.ttf */; };
		7E1B878E2AA57B6E0023A20D /* Montserrat-Black.ttf in Resources */ = {isa = PBXBuildFile; fileRef = 7E1B87812AA57B6E0023A20D /* Montserrat-Black.ttf */; };
		7E1B878F2AA57B6E0023A20D /* Montserrat-Regular.ttf in Resources */ = {isa = PBXBuildFile; fileRef = 7E1B87822AA57B6E0023A20D /* Montserrat-Regular.ttf */; };
		7E1B87922AA588950023A20D /* Colors.xcassets in Resources */ = {isa = PBXBuildFile; fileRef = 7E1B87912AA588950023A20D /* Colors.xcassets */; };
		7E1B87942AA58F680023A20D /* ReusableTableViewCell.swift in Sources */ = {isa = PBXBuildFile; fileRef = 7E1B87932AA58F680023A20D /* ReusableTableViewCell.swift */; };
		7E1B87972AA684D00023A20D /* DetailHeaderView.swift in Sources */ = {isa = PBXBuildFile; fileRef = 7E1B87962AA684D00023A20D /* DetailHeaderView.swift */; };
		7E1B87992AA6853C0023A20D /* RecommendedBasedOnItemView.swift in Sources */ = {isa = PBXBuildFile; fileRef = 7E1B87982AA6853C0023A20D /* RecommendedBasedOnItemView.swift */; };
		7E320BB12AA746790048750F /* DetailDescriptionView.swift in Sources */ = {isa = PBXBuildFile; fileRef = 7E320BB02AA746790048750F /* DetailDescriptionView.swift */; };
		7E320BB82AA7901E0048750F /* LoginInteractor.swift in Sources */ = {isa = PBXBuildFile; fileRef = 7E320BB42AA7901E0048750F /* LoginInteractor.swift */; };
		7E320BB92AA7901E0048750F /* LoginPresenter.swift in Sources */ = {isa = PBXBuildFile; fileRef = 7E320BB52AA7901E0048750F /* LoginPresenter.swift */; };
		7E320BBA2AA7901E0048750F /* LoginRouter.swift in Sources */ = {isa = PBXBuildFile; fileRef = 7E320BB62AA7901E0048750F /* LoginRouter.swift */; };
		7E320BBB2AA7901E0048750F /* LoginViewController.swift in Sources */ = {isa = PBXBuildFile; fileRef = 7E320BB72AA7901E0048750F /* LoginViewController.swift */; };
		7E320BBD2AA7903F0048750F /* AuthAPI.swift in Sources */ = {isa = PBXBuildFile; fileRef = 7E320BBC2AA7903F0048750F /* AuthAPI.swift */; };
		7E320BC02AA790550048750F /* CreateSession.swift in Sources */ = {isa = PBXBuildFile; fileRef = 7E320BBF2AA790550048750F /* CreateSession.swift */; };
		7E320BC32AA790600048750F /* RequestTokenResponse.swift in Sources */ = {isa = PBXBuildFile; fileRef = 7E320BC12AA790600048750F /* RequestTokenResponse.swift */; };
		7E320BC42AA790600048750F /* CreateSessionResponse.swift in Sources */ = {isa = PBXBuildFile; fileRef = 7E320BC22AA790600048750F /* CreateSessionResponse.swift */; };
		7E320BC82AA790690048750F /* AuthRepositoryImpl.swift in Sources */ = {isa = PBXBuildFile; fileRef = 7E320BC62AA790690048750F /* AuthRepositoryImpl.swift */; };
		7E320BC92AA790690048750F /* AuthRepository.swift in Sources */ = {isa = PBXBuildFile; fileRef = 7E320BC72AA790690048750F /* AuthRepository.swift */; };
		7E320BD82AA7FF110048750F /* MoviesRepositoryTests.swift in Sources */ = {isa = PBXBuildFile; fileRef = 7E320BD72AA7FF110048750F /* MoviesRepositoryTests.swift */; };
		7E6428E22AA9651C00CF1752 /* RiveRuntime.xcframework in Frameworks */ = {isa = PBXBuildFile; fileRef = 7E6428E12AA9651C00CF1752 /* RiveRuntime.xcframework */; };
		7E6428E32AA9651C00CF1752 /* RiveRuntime.xcframework in Embed Frameworks */ = {isa = PBXBuildFile; fileRef = 7E6428E12AA9651C00CF1752 /* RiveRuntime.xcframework */; settings = {ATTRIBUTES = (CodeSignOnCopy, RemoveHeadersOnCopy, ); }; };
		7E6428E82AA9685800CF1752 /* sith-de-mayo.riv in Resources */ = {isa = PBXBuildFile; fileRef = 7E6428E72AA9685800CF1752 /* sith-de-mayo.riv */; };
		7E70DB1A2A9960230024FE23 /* AppRouter.swift in Sources */ = {isa = PBXBuildFile; fileRef = 7E70DB192A9960230024FE23 /* AppRouter.swift */; };
		7EC468B72AA2AA1C00B6D28F /* Alamofire.xcframework in Frameworks */ = {isa = PBXBuildFile; fileRef = 7EC468B62AA2AA1C00B6D28F /* Alamofire.xcframework */; };
		7EC468B82AA2AA1C00B6D28F /* Alamofire.xcframework in Embed Frameworks */ = {isa = PBXBuildFile; fileRef = 7EC468B62AA2AA1C00B6D28F /* Alamofire.xcframework */; settings = {ATTRIBUTES = (CodeSignOnCopy, RemoveHeadersOnCopy, ); }; };
		7EC468BB2AA2AA2000B6D28F /* Realm.xcframework in Frameworks */ = {isa = PBXBuildFile; fileRef = 7EC468BA2AA2AA2000B6D28F /* Realm.xcframework */; };
		7EC468BC2AA2AA2000B6D28F /* Realm.xcframework in Embed Frameworks */ = {isa = PBXBuildFile; fileRef = 7EC468BA2AA2AA2000B6D28F /* Realm.xcframework */; settings = {ATTRIBUTES = (CodeSignOnCopy, RemoveHeadersOnCopy, ); }; };
		7EC468C42AA2AAAD00B6D28F /* HTTPClientImpl.swift in Sources */ = {isa = PBXBuildFile; fileRef = 7EC468C12AA2AAAD00B6D28F /* HTTPClientImpl.swift */; };
		7EC468C52AA2AAAD00B6D28F /* HTTPClient.swift in Sources */ = {isa = PBXBuildFile; fileRef = 7EC468C22AA2AAAD00B6D28F /* HTTPClient.swift */; };
		7EC468C62AA2AAAD00B6D28F /* HTTPConstants.swift in Sources */ = {isa = PBXBuildFile; fileRef = 7EC468C32AA2AAAD00B6D28F /* HTTPConstants.swift */; };
		7EC468CC2AA2ADC700B6D28F /* UserAPI.swift in Sources */ = {isa = PBXBuildFile; fileRef = 7EC468CB2AA2ADC700B6D28F /* UserAPI.swift */; };
		7EC468CE2AA2ADD500B6D28F /* MoviesAPI.swift in Sources */ = {isa = PBXBuildFile; fileRef = 7EC468CD2AA2ADD500B6D28F /* MoviesAPI.swift */; };
		7EC468D22AA2AE0200B6D28F /* LocalStorage.swift in Sources */ = {isa = PBXBuildFile; fileRef = 7EC468D02AA2AE0200B6D28F /* LocalStorage.swift */; };
		7EC468D32AA2AE0200B6D28F /* LocalStorageImpl.swift in Sources */ = {isa = PBXBuildFile; fileRef = 7EC468D12AA2AE0200B6D28F /* LocalStorageImpl.swift */; };
		7EC468D72AA2B4DE00B6D28F /* HeaderCollectionResuableView.swift in Sources */ = {isa = PBXBuildFile; fileRef = 7EC468D62AA2B4DE00B6D28F /* HeaderCollectionResuableView.swift */; };
		7EC468DB2AA2C38600B6D28F /* Environment.swift in Sources */ = {isa = PBXBuildFile; fileRef = 7EC468DA2AA2C38600B6D28F /* Environment.swift */; };
		7ECCCACC2A999A1B005F1138 /* MoviesBarButtonItem.swift in Sources */ = {isa = PBXBuildFile; fileRef = 7ECCCACB2A999A1B005F1138 /* MoviesBarButtonItem.swift */; };
		7ED3674A2AAEAB1F00D3EF3F /* RealmSwift.xcframework in Frameworks */ = {isa = PBXBuildFile; fileRef = 7EC468BD2AA2AA2200B6D28F /* RealmSwift.xcframework */; };
		7ED3674B2AAEAB1F00D3EF3F /* RealmSwift.xcframework in Embed Frameworks */ = {isa = PBXBuildFile; fileRef = 7EC468BD2AA2AA2200B6D28F /* RealmSwift.xcframework */; settings = {ATTRIBUTES = (CodeSignOnCopy, RemoveHeadersOnCopy, ); }; };
		7EE72F172AAAA05E00C9055F /* RxSwift.xcframework in Frameworks */ = {isa = PBXBuildFile; fileRef = 7EE72F152AAAA05E00C9055F /* RxSwift.xcframework */; };
		7EE72F182AAAA05E00C9055F /* RxSwift.xcframework in Embed Frameworks */ = {isa = PBXBuildFile; fileRef = 7EE72F152AAAA05E00C9055F /* RxSwift.xcframework */; settings = {ATTRIBUTES = (CodeSignOnCopy, RemoveHeadersOnCopy, ); }; };
		7EE72F192AAAA05E00C9055F /* RxCocoa.xcframework in Frameworks */ = {isa = PBXBuildFile; fileRef = 7EE72F162AAAA05E00C9055F /* RxCocoa.xcframework */; };
		7EE72F1A2AAAA05E00C9055F /* RxCocoa.xcframework in Embed Frameworks */ = {isa = PBXBuildFile; fileRef = 7EE72F162AAAA05E00C9055F /* RxCocoa.xcframework */; settings = {ATTRIBUTES = (CodeSignOnCopy, RemoveHeadersOnCopy, ); }; };
		7EE72F1E2AAAA22500C9055F /* RxRelay.xcframework in Frameworks */ = {isa = PBXBuildFile; fileRef = 7EE72F1B2AAAA22500C9055F /* RxRelay.xcframework */; };
		7EE72F1F2AAAA22500C9055F /* RxRelay.xcframework in Embed Frameworks */ = {isa = PBXBuildFile; fileRef = 7EE72F1B2AAAA22500C9055F /* RxRelay.xcframework */; settings = {ATTRIBUTES = (CodeSignOnCopy, RemoveHeadersOnCopy, ); }; };
		7EE72F222AAAA22600C9055F /* RxBlocking.xcframework in Frameworks */ = {isa = PBXBuildFile; fileRef = 7EE72F1D2AAAA22500C9055F /* RxBlocking.xcframework */; };
		7EE72F232AAAA22600C9055F /* RxBlocking.xcframework in Embed Frameworks */ = {isa = PBXBuildFile; fileRef = 7EE72F1D2AAAA22500C9055F /* RxBlocking.xcframework */; settings = {ATTRIBUTES = (CodeSignOnCopy, RemoveHeadersOnCopy, ); }; };
		7EEAAD722A9920950087AF46 /* MoviesViewController.swift in Sources */ = {isa = PBXBuildFile; fileRef = 7EEAAD712A9920950087AF46 /* MoviesViewController.swift */; };
		7EEAAD752A9923390087AF46 /* CarouselItemCollectionViewCell.swift in Sources */ = {isa = PBXBuildFile; fileRef = 7EEAAD742A9923390087AF46 /* CarouselItemCollectionViewCell.swift */; };
		7EEAAD792A99321C0087AF46 /* MoviesRouter.swift in Sources */ = {isa = PBXBuildFile; fileRef = 7EEAAD782A99321C0087AF46 /* MoviesRouter.swift */; };
		7EEAAD7D2A9934110087AF46 /* MoviesInteractor.swift in Sources */ = {isa = PBXBuildFile; fileRef = 7EEAAD7C2A9934110087AF46 /* MoviesInteractor.swift */; };
		7EEAAD7F2A9934400087AF46 /* MoviesPresenter.swift in Sources */ = {isa = PBXBuildFile; fileRef = 7EEAAD7E2A9934400087AF46 /* MoviesPresenter.swift */; };
		7EEAAD822A993A140087AF46 /* AppProtocols.swift in Sources */ = {isa = PBXBuildFile; fileRef = 7EEAAD812A993A140087AF46 /* AppProtocols.swift */; };
		7EEAAD862A993C6D0087AF46 /* LaunchViewController.swift in Sources */ = {isa = PBXBuildFile; fileRef = 7EEAAD852A993C6D0087AF46 /* LaunchViewController.swift */; };
		7EEAAD882A993CA00087AF46 /* LaunchRouter.swift in Sources */ = {isa = PBXBuildFile; fileRef = 7EEAAD872A993CA00087AF46 /* LaunchRouter.swift */; };
		7EEAAD8A2A993CC80087AF46 /* LaunchInteractor.swift in Sources */ = {isa = PBXBuildFile; fileRef = 7EEAAD892A993CC80087AF46 /* LaunchInteractor.swift */; };
		7EEAAD8C2A993CD20087AF46 /* LaunchPresenter.swift in Sources */ = {isa = PBXBuildFile; fileRef = 7EEAAD8B2A993CD20087AF46 /* LaunchPresenter.swift */; };
		7EEB76B02AA2D436009634FB /* RepositoryProvider.swift in Sources */ = {isa = PBXBuildFile; fileRef = 7EEB76AF2AA2D436009634FB /* RepositoryProvider.swift */; };
		7EEB76C72AA37819009634FB /* MoviesResponse.swift in Sources */ = {isa = PBXBuildFile; fileRef = 7EEB76C62AA37819009634FB /* MoviesResponse.swift */; };
		7EEB76C92AA38303009634FB /* MoviesRepository.swift in Sources */ = {isa = PBXBuildFile; fileRef = 7EEB76C82AA38303009634FB /* MoviesRepository.swift */; };
		7EEB76CB2AA3830D009634FB /* MoviesRepositoryImpl.swift in Sources */ = {isa = PBXBuildFile; fileRef = 7EEB76CA2AA3830D009634FB /* MoviesRepositoryImpl.swift */; };
		7EF4AFBD2A82DC970001B902 /* AppDelegate.swift in Sources */ = {isa = PBXBuildFile; fileRef = 7EF4AFBC2A82DC970001B902 /* AppDelegate.swift */; };
		7EF4AFBF2A82DC970001B902 /* SceneDelegate.swift in Sources */ = {isa = PBXBuildFile; fileRef = 7EF4AFBE2A82DC970001B902 /* SceneDelegate.swift */; };
		7EF4AFC62A82DC980001B902 /* Assets.xcassets in Resources */ = {isa = PBXBuildFile; fileRef = 7EF4AFC52A82DC980001B902 /* Assets.xcassets */; };
		7EF4AFC92A82DC980001B902 /* LaunchScreen.storyboard in Resources */ = {isa = PBXBuildFile; fileRef = 7EF4AFC72A82DC980001B902 /* LaunchScreen.storyboard */; };
/* End PBXBuildFile section */

/* Begin PBXContainerItemProxy section */
		7E320BD22AA7E5B30048750F /* PBXContainerItemProxy */ = {
			isa = PBXContainerItemProxy;
			containerPortal = 7EF4AFB12A82DC970001B902 /* Project object */;
			proxyType = 1;
			remoteGlobalIDString = 7EF4AFB82A82DC970001B902;
			remoteInfo = movies_uikit;
		};
/* End PBXContainerItemProxy section */

/* Begin PBXCopyFilesBuildPhase section */
		7EC468B92AA2AA1C00B6D28F /* Embed Frameworks */ = {
			isa = PBXCopyFilesBuildPhase;
			buildActionMask = 2147483647;
			dstPath = "";
			dstSubfolderSpec = 10;
			files = (
				7EC468B82AA2AA1C00B6D28F /* Alamofire.xcframework in Embed Frameworks */,
				7ED3674B2AAEAB1F00D3EF3F /* RealmSwift.xcframework in Embed Frameworks */,
				7EE72F232AAAA22600C9055F /* RxBlocking.xcframework in Embed Frameworks */,
				7EE72F1A2AAAA05E00C9055F /* RxCocoa.xcframework in Embed Frameworks */,
				7E0807C72AA3997E00E6E5C2 /* SDWebImage.xcframework in Embed Frameworks */,
				7EE72F1F2AAAA22500C9055F /* RxRelay.xcframework in Embed Frameworks */,
				7E0807CA2AA399C000E6E5C2 /* SDWebImageMapKit.xcframework in Embed Frameworks */,
				7EE72F182AAAA05E00C9055F /* RxSwift.xcframework in Embed Frameworks */,
				7E6428E32AA9651C00CF1752 /* RiveRuntime.xcframework in Embed Frameworks */,
				7EC468BC2AA2AA2000B6D28F /* Realm.xcframework in Embed Frameworks */,
			);
			name = "Embed Frameworks";
			runOnlyForDeploymentPostprocessing = 0;
		};
/* End PBXCopyFilesBuildPhase section */

/* Begin PBXFileReference section */
		7E0807C52AA3997E00E6E5C2 /* SDWebImage.xcframework */ = {isa = PBXFileReference; lastKnownFileType = wrapper.xcframework; name = SDWebImage.xcframework; path = Carthage/Build/SDWebImage.xcframework; sourceTree = "<group>"; };
		7E0807C82AA399C000E6E5C2 /* SDWebImageMapKit.xcframework */ = {isa = PBXFileReference; lastKnownFileType = wrapper.xcframework; name = SDWebImageMapKit.xcframework; path = Carthage/Build/SDWebImageMapKit.xcframework; sourceTree = "<group>"; };
		7E0807CC2AA3A13900E6E5C2 /* MainTabBarViewController.swift */ = {isa = PBXFileReference; lastKnownFileType = sourcecode.swift; path = MainTabBarViewController.swift; sourceTree = "<group>"; };
		7E0807CF2AA3A2EF00E6E5C2 /* LibraryViewController.swift */ = {isa = PBXFileReference; lastKnownFileType = sourcecode.swift; path = LibraryViewController.swift; sourceTree = "<group>"; };
		7E0807D22AA3AD7000E6E5C2 /* DetailViewController.swift */ = {isa = PBXFileReference; lastKnownFileType = sourcecode.swift; path = DetailViewController.swift; sourceTree = "<group>"; };
		7E0807D82AA3ED8B00E6E5C2 /* UserRepository.swift */ = {isa = PBXFileReference; lastKnownFileType = sourcecode.swift; path = UserRepository.swift; sourceTree = "<group>"; };
		7E0807DA2AA3ED9800E6E5C2 /* UserRepositoryImpl.swift */ = {isa = PBXFileReference; lastKnownFileType = sourcecode.swift; path = UserRepositoryImpl.swift; sourceTree = "<group>"; };
		7E0807DC2AA3F9CE00E6E5C2 /* SubSectionItemCollectionViewCell.swift */ = {isa = PBXFileReference; lastKnownFileType = sourcecode.swift; path = SubSectionItemCollectionViewCell.swift; sourceTree = "<group>"; };
		7E0807DF2AA40C1200E6E5C2 /* TVShowsViewController.swift */ = {isa = PBXFileReference; lastKnownFileType = sourcecode.swift; path = TVShowsViewController.swift; sourceTree = "<group>"; };
		7E0807E72AA40F2500E6E5C2 /* TVShowsInteractor.swift */ = {isa = PBXFileReference; lastKnownFileType = sourcecode.swift; path = TVShowsInteractor.swift; sourceTree = "<group>"; };
		7E0807E92AA40F3500E6E5C2 /* TVShowsRouter.swift */ = {isa = PBXFileReference; lastKnownFileType = sourcecode.swift; path = TVShowsRouter.swift; sourceTree = "<group>"; };
		7E0807EB2AA40F4000E6E5C2 /* TVShowsPresenter.swift */ = {isa = PBXFileReference; lastKnownFileType = sourcecode.swift; path = TVShowsPresenter.swift; sourceTree = "<group>"; };
		7E0807EE2AA410C000E6E5C2 /* LibraryRouter.swift */ = {isa = PBXFileReference; lastKnownFileType = sourcecode.swift; path = LibraryRouter.swift; sourceTree = "<group>"; };
		7E0807F02AA410CD00E6E5C2 /* LibraryInteractor.swift */ = {isa = PBXFileReference; lastKnownFileType = sourcecode.swift; path = LibraryInteractor.swift; sourceTree = "<group>"; };
		7E0807F22AA410D600E6E5C2 /* LibraryPresenter.swift */ = {isa = PBXFileReference; lastKnownFileType = sourcecode.swift; path = LibraryPresenter.swift; sourceTree = "<group>"; };
		7E0807F52AA4122600E6E5C2 /* DetailRouter.swift */ = {isa = PBXFileReference; lastKnownFileType = sourcecode.swift; path = DetailRouter.swift; sourceTree = "<group>"; };
		7E0807F72AA4122F00E6E5C2 /* DetailInteractor.swift */ = {isa = PBXFileReference; lastKnownFileType = sourcecode.swift; path = DetailInteractor.swift; sourceTree = "<group>"; };
		7E0807F92AA4125100E6E5C2 /* DetailPresenter.swift */ = {isa = PBXFileReference; lastKnownFileType = sourcecode.swift; path = DetailPresenter.swift; sourceTree = "<group>"; };
		7E0807FC2AA4242400E6E5C2 /* TVShowsBarButtonItem.swift */ = {isa = PBXFileReference; lastKnownFileType = sourcecode.swift; path = TVShowsBarButtonItem.swift; sourceTree = "<group>"; };
		7E1B87662AA42FA70023A20D /* TVShowsResponse.swift */ = {isa = PBXFileReference; lastKnownFileType = sourcecode.swift; path = TVShowsResponse.swift; sourceTree = "<group>"; };
		7E1B87682AA53DBB0023A20D /* ReusableTableViewController.swift */ = {isa = PBXFileReference; lastKnownFileType = sourcecode.swift; path = ReusableTableViewController.swift; sourceTree = "<group>"; };
		7E1B876B2AA54AEF0023A20D /* LibraryBarButtonItem.swift */ = {isa = PBXFileReference; lastKnownFileType = sourcecode.swift; path = LibraryBarButtonItem.swift; sourceTree = "<group>"; };
		7E1B876F2AA56F960023A20D /* LibraryTabBarView.swift */ = {isa = PBXFileReference; lastKnownFileType = sourcecode.swift; path = LibraryTabBarView.swift; sourceTree = "<group>"; };
		7E1B87712AA57A9E0023A20D /* Colors.swift */ = {isa = PBXFileReference; lastKnownFileType = sourcecode.swift; path = Colors.swift; sourceTree = "<group>"; };
		7E1B87732AA57AA40023A20D /* Fonts.swift */ = {isa = PBXFileReference; lastKnownFileType = sourcecode.swift; path = Fonts.swift; sourceTree = "<group>"; };
		7E1B87762AA57B6E0023A20D /* Montserrat-SemiBold.ttf */ = {isa = PBXFileReference; lastKnownFileType = file; path = "Montserrat-SemiBold.ttf"; sourceTree = "<group>"; };
		7E1B87772AA57B6E0023A20D /* Montserrat-Light.ttf */ = {isa = PBXFileReference; lastKnownFileType = file; path = "Montserrat-Light.ttf"; sourceTree = "<group>"; };
		7E1B87782AA57B6E0023A20D /* Montserrat-MediumItalic.ttf */ = {isa = PBXFileReference; lastKnownFileType = file; path = "Montserrat-MediumItalic.ttf"; sourceTree = "<group>"; };
		7E1B87792AA57B6E0023A20D /* Montserrat-LightItalic.ttf */ = {isa = PBXFileReference; lastKnownFileType = file; path = "Montserrat-LightItalic.ttf"; sourceTree = "<group>"; };
		7E1B877A2AA57B6E0023A20D /* Montserrat-ExtraLightItalic.ttf */ = {isa = PBXFileReference; lastKnownFileType = file; path = "Montserrat-ExtraLightItalic.ttf"; sourceTree = "<group>"; };
		7E1B877B2AA57B6E0023A20D /* Montserrat-BoldItalic.ttf */ = {isa = PBXFileReference; lastKnownFileType = file; path = "Montserrat-BoldItalic.ttf"; sourceTree = "<group>"; };
		7E1B877C2AA57B6E0023A20D /* Montserrat-BlackItalic.ttf */ = {isa = PBXFileReference; lastKnownFileType = file; path = "Montserrat-BlackItalic.ttf"; sourceTree = "<group>"; };
		7E1B877D2AA57B6E0023A20D /* Montserrat-Medium.ttf */ = {isa = PBXFileReference; lastKnownFileType = file; path = "Montserrat-Medium.ttf"; sourceTree = "<group>"; };
		7E1B877E2AA57B6E0023A20D /* Montserrat-Bold.ttf */ = {isa = PBXFileReference; lastKnownFileType = file; path = "Montserrat-Bold.ttf"; sourceTree = "<group>"; };
		7E1B877F2AA57B6E0023A20D /* Montserrat-SemiBoldItalic.ttf */ = {isa = PBXFileReference; lastKnownFileType = file; path = "Montserrat-SemiBoldItalic.ttf"; sourceTree = "<group>"; };
		7E1B87802AA57B6E0023A20D /* Montserrat-ExtraLight.ttf */ = {isa = PBXFileReference; lastKnownFileType = file; path = "Montserrat-ExtraLight.ttf"; sourceTree = "<group>"; };
		7E1B87812AA57B6E0023A20D /* Montserrat-Black.ttf */ = {isa = PBXFileReference; lastKnownFileType = file; path = "Montserrat-Black.ttf"; sourceTree = "<group>"; };
		7E1B87822AA57B6E0023A20D /* Montserrat-Regular.ttf */ = {isa = PBXFileReference; lastKnownFileType = file; path = "Montserrat-Regular.ttf"; sourceTree = "<group>"; };
		7E1B87912AA588950023A20D /* Colors.xcassets */ = {isa = PBXFileReference; lastKnownFileType = folder.assetcatalog; path = Colors.xcassets; sourceTree = "<group>"; };
		7E1B87932AA58F680023A20D /* ReusableTableViewCell.swift */ = {isa = PBXFileReference; lastKnownFileType = sourcecode.swift; path = ReusableTableViewCell.swift; sourceTree = "<group>"; };
		7E1B87962AA684D00023A20D /* DetailHeaderView.swift */ = {isa = PBXFileReference; lastKnownFileType = sourcecode.swift; path = DetailHeaderView.swift; sourceTree = "<group>"; };
		7E1B87982AA6853C0023A20D /* RecommendedBasedOnItemView.swift */ = {isa = PBXFileReference; lastKnownFileType = sourcecode.swift; path = RecommendedBasedOnItemView.swift; sourceTree = "<group>"; };
		7E320BB02AA746790048750F /* DetailDescriptionView.swift */ = {isa = PBXFileReference; lastKnownFileType = sourcecode.swift; path = DetailDescriptionView.swift; sourceTree = "<group>"; };
		7E320BB42AA7901E0048750F /* LoginInteractor.swift */ = {isa = PBXFileReference; fileEncoding = 4; lastKnownFileType = sourcecode.swift; path = LoginInteractor.swift; sourceTree = "<group>"; };
		7E320BB52AA7901E0048750F /* LoginPresenter.swift */ = {isa = PBXFileReference; fileEncoding = 4; lastKnownFileType = sourcecode.swift; path = LoginPresenter.swift; sourceTree = "<group>"; };
		7E320BB62AA7901E0048750F /* LoginRouter.swift */ = {isa = PBXFileReference; fileEncoding = 4; lastKnownFileType = sourcecode.swift; path = LoginRouter.swift; sourceTree = "<group>"; };
		7E320BB72AA7901E0048750F /* LoginViewController.swift */ = {isa = PBXFileReference; fileEncoding = 4; lastKnownFileType = sourcecode.swift; path = LoginViewController.swift; sourceTree = "<group>"; };
		7E320BBC2AA7903F0048750F /* AuthAPI.swift */ = {isa = PBXFileReference; fileEncoding = 4; lastKnownFileType = sourcecode.swift; path = AuthAPI.swift; sourceTree = "<group>"; };
		7E320BBF2AA790550048750F /* CreateSession.swift */ = {isa = PBXFileReference; fileEncoding = 4; lastKnownFileType = sourcecode.swift; path = CreateSession.swift; sourceTree = "<group>"; };
		7E320BC12AA790600048750F /* RequestTokenResponse.swift */ = {isa = PBXFileReference; fileEncoding = 4; lastKnownFileType = sourcecode.swift; path = RequestTokenResponse.swift; sourceTree = "<group>"; };
		7E320BC22AA790600048750F /* CreateSessionResponse.swift */ = {isa = PBXFileReference; fileEncoding = 4; lastKnownFileType = sourcecode.swift; path = CreateSessionResponse.swift; sourceTree = "<group>"; };
		7E320BC62AA790690048750F /* AuthRepositoryImpl.swift */ = {isa = PBXFileReference; fileEncoding = 4; lastKnownFileType = sourcecode.swift; path = AuthRepositoryImpl.swift; sourceTree = "<group>"; };
		7E320BC72AA790690048750F /* AuthRepository.swift */ = {isa = PBXFileReference; fileEncoding = 4; lastKnownFileType = sourcecode.swift; path = AuthRepository.swift; sourceTree = "<group>"; };
		7E320BCE2AA7E5B30048750F /* movies_uikitTests.xctest */ = {isa = PBXFileReference; explicitFileType = wrapper.cfbundle; includeInIndex = 0; path = movies_uikitTests.xctest; sourceTree = BUILT_PRODUCTS_DIR; };
		7E320BD72AA7FF110048750F /* MoviesRepositoryTests.swift */ = {isa = PBXFileReference; lastKnownFileType = sourcecode.swift; path = MoviesRepositoryTests.swift; sourceTree = "<group>"; };
		7E6428E12AA9651C00CF1752 /* RiveRuntime.xcframework */ = {isa = PBXFileReference; lastKnownFileType = wrapper.xcframework; name = RiveRuntime.xcframework; path = Carthage/Build/RiveRuntime.xcframework; sourceTree = "<group>"; };
		7E6428E72AA9685800CF1752 /* sith-de-mayo.riv */ = {isa = PBXFileReference; lastKnownFileType = file; path = "sith-de-mayo.riv"; sourceTree = "<group>"; };
		7E70DB192A9960230024FE23 /* AppRouter.swift */ = {isa = PBXFileReference; lastKnownFileType = sourcecode.swift; path = AppRouter.swift; sourceTree = "<group>"; };
		7EC468B62AA2AA1C00B6D28F /* Alamofire.xcframework */ = {isa = PBXFileReference; lastKnownFileType = wrapper.xcframework; name = Alamofire.xcframework; path = Carthage/Build/Alamofire.xcframework; sourceTree = "<group>"; };
		7EC468BA2AA2AA2000B6D28F /* Realm.xcframework */ = {isa = PBXFileReference; lastKnownFileType = wrapper.xcframework; name = Realm.xcframework; path = Carthage/Build/Realm.xcframework; sourceTree = "<group>"; };
		7EC468BD2AA2AA2200B6D28F /* RealmSwift.xcframework */ = {isa = PBXFileReference; lastKnownFileType = wrapper.xcframework; name = RealmSwift.xcframework; path = Carthage/Build/RealmSwift.xcframework; sourceTree = "<group>"; };
		7EC468C12AA2AAAD00B6D28F /* HTTPClientImpl.swift */ = {isa = PBXFileReference; fileEncoding = 4; lastKnownFileType = sourcecode.swift; path = HTTPClientImpl.swift; sourceTree = "<group>"; };
		7EC468C22AA2AAAD00B6D28F /* HTTPClient.swift */ = {isa = PBXFileReference; fileEncoding = 4; lastKnownFileType = sourcecode.swift; path = HTTPClient.swift; sourceTree = "<group>"; };
		7EC468C32AA2AAAD00B6D28F /* HTTPConstants.swift */ = {isa = PBXFileReference; fileEncoding = 4; lastKnownFileType = sourcecode.swift; path = HTTPConstants.swift; sourceTree = "<group>"; };
		7EC468CB2AA2ADC700B6D28F /* UserAPI.swift */ = {isa = PBXFileReference; lastKnownFileType = sourcecode.swift; path = UserAPI.swift; sourceTree = "<group>"; };
		7EC468CD2AA2ADD500B6D28F /* MoviesAPI.swift */ = {isa = PBXFileReference; lastKnownFileType = sourcecode.swift; path = MoviesAPI.swift; sourceTree = "<group>"; };
		7EC468D02AA2AE0200B6D28F /* LocalStorage.swift */ = {isa = PBXFileReference; fileEncoding = 4; lastKnownFileType = sourcecode.swift; path = LocalStorage.swift; sourceTree = "<group>"; };
		7EC468D12AA2AE0200B6D28F /* LocalStorageImpl.swift */ = {isa = PBXFileReference; fileEncoding = 4; lastKnownFileType = sourcecode.swift; path = LocalStorageImpl.swift; sourceTree = "<group>"; };
		7EC468D62AA2B4DE00B6D28F /* HeaderCollectionResuableView.swift */ = {isa = PBXFileReference; lastKnownFileType = sourcecode.swift; path = HeaderCollectionResuableView.swift; sourceTree = "<group>"; };
		7EC468D82AA2C29200B6D28F /* Development.xcconfig */ = {isa = PBXFileReference; lastKnownFileType = text.xcconfig; path = Development.xcconfig; sourceTree = "<group>"; };
		7EC468DA2AA2C38600B6D28F /* Environment.swift */ = {isa = PBXFileReference; lastKnownFileType = sourcecode.swift; path = Environment.swift; sourceTree = "<group>"; };
		7ECCCACB2A999A1B005F1138 /* MoviesBarButtonItem.swift */ = {isa = PBXFileReference; lastKnownFileType = sourcecode.swift; path = MoviesBarButtonItem.swift; sourceTree = "<group>"; };
		7ED367472AAEA81800D3EF3F /* RxRealm.xcframework */ = {isa = PBXFileReference; lastKnownFileType = wrapper.xcframework; name = RxRealm.xcframework; path = Carthage/Build/RxRealm.xcframework; sourceTree = "<group>"; };
		7EE72F152AAAA05E00C9055F /* RxSwift.xcframework */ = {isa = PBXFileReference; lastKnownFileType = wrapper.xcframework; name = RxSwift.xcframework; path = Carthage/Build/RxSwift.xcframework; sourceTree = "<group>"; };
		7EE72F162AAAA05E00C9055F /* RxCocoa.xcframework */ = {isa = PBXFileReference; lastKnownFileType = wrapper.xcframework; name = RxCocoa.xcframework; path = Carthage/Build/RxCocoa.xcframework; sourceTree = "<group>"; };
		7EE72F1B2AAAA22500C9055F /* RxRelay.xcframework */ = {isa = PBXFileReference; lastKnownFileType = wrapper.xcframework; name = RxRelay.xcframework; path = Carthage/Build/RxRelay.xcframework; sourceTree = "<group>"; };
		7EE72F1C2AAAA22500C9055F /* RxTest.xcframework */ = {isa = PBXFileReference; lastKnownFileType = wrapper.xcframework; name = RxTest.xcframework; path = Carthage/Build/RxTest.xcframework; sourceTree = "<group>"; };
		7EE72F1D2AAAA22500C9055F /* RxBlocking.xcframework */ = {isa = PBXFileReference; lastKnownFileType = wrapper.xcframework; name = RxBlocking.xcframework; path = Carthage/Build/RxBlocking.xcframework; sourceTree = "<group>"; };
		7EEAAD712A9920950087AF46 /* MoviesViewController.swift */ = {isa = PBXFileReference; lastKnownFileType = sourcecode.swift; path = MoviesViewController.swift; sourceTree = "<group>"; };
		7EEAAD742A9923390087AF46 /* CarouselItemCollectionViewCell.swift */ = {isa = PBXFileReference; lastKnownFileType = sourcecode.swift; path = CarouselItemCollectionViewCell.swift; sourceTree = "<group>"; };
		7EEAAD782A99321C0087AF46 /* MoviesRouter.swift */ = {isa = PBXFileReference; lastKnownFileType = sourcecode.swift; path = MoviesRouter.swift; sourceTree = "<group>"; };
		7EEAAD7C2A9934110087AF46 /* MoviesInteractor.swift */ = {isa = PBXFileReference; lastKnownFileType = sourcecode.swift; path = MoviesInteractor.swift; sourceTree = "<group>"; };
		7EEAAD7E2A9934400087AF46 /* MoviesPresenter.swift */ = {isa = PBXFileReference; lastKnownFileType = sourcecode.swift; path = MoviesPresenter.swift; sourceTree = "<group>"; };
		7EEAAD812A993A140087AF46 /* AppProtocols.swift */ = {isa = PBXFileReference; lastKnownFileType = sourcecode.swift; path = AppProtocols.swift; sourceTree = "<group>"; };
		7EEAAD852A993C6D0087AF46 /* LaunchViewController.swift */ = {isa = PBXFileReference; lastKnownFileType = sourcecode.swift; path = LaunchViewController.swift; sourceTree = "<group>"; };
		7EEAAD872A993CA00087AF46 /* LaunchRouter.swift */ = {isa = PBXFileReference; lastKnownFileType = sourcecode.swift; path = LaunchRouter.swift; sourceTree = "<group>"; };
		7EEAAD892A993CC80087AF46 /* LaunchInteractor.swift */ = {isa = PBXFileReference; lastKnownFileType = sourcecode.swift; path = LaunchInteractor.swift; sourceTree = "<group>"; };
		7EEAAD8B2A993CD20087AF46 /* LaunchPresenter.swift */ = {isa = PBXFileReference; lastKnownFileType = sourcecode.swift; path = LaunchPresenter.swift; sourceTree = "<group>"; };
		7EEB76AF2AA2D436009634FB /* RepositoryProvider.swift */ = {isa = PBXFileReference; lastKnownFileType = sourcecode.swift; path = RepositoryProvider.swift; sourceTree = "<group>"; };
		7EEB76C62AA37819009634FB /* MoviesResponse.swift */ = {isa = PBXFileReference; lastKnownFileType = sourcecode.swift; path = MoviesResponse.swift; sourceTree = "<group>"; };
		7EEB76C82AA38303009634FB /* MoviesRepository.swift */ = {isa = PBXFileReference; lastKnownFileType = sourcecode.swift; path = MoviesRepository.swift; sourceTree = "<group>"; };
		7EEB76CA2AA3830D009634FB /* MoviesRepositoryImpl.swift */ = {isa = PBXFileReference; lastKnownFileType = sourcecode.swift; path = MoviesRepositoryImpl.swift; sourceTree = "<group>"; };
		7EF4AFB92A82DC970001B902 /* movies_uikit.app */ = {isa = PBXFileReference; explicitFileType = wrapper.application; includeInIndex = 0; path = movies_uikit.app; sourceTree = BUILT_PRODUCTS_DIR; };
		7EF4AFBC2A82DC970001B902 /* AppDelegate.swift */ = {isa = PBXFileReference; lastKnownFileType = sourcecode.swift; path = AppDelegate.swift; sourceTree = "<group>"; };
		7EF4AFBE2A82DC970001B902 /* SceneDelegate.swift */ = {isa = PBXFileReference; lastKnownFileType = sourcecode.swift; path = SceneDelegate.swift; sourceTree = "<group>"; };
		7EF4AFC52A82DC980001B902 /* Assets.xcassets */ = {isa = PBXFileReference; lastKnownFileType = folder.assetcatalog; path = Assets.xcassets; sourceTree = "<group>"; };
		7EF4AFC82A82DC980001B902 /* Base */ = {isa = PBXFileReference; lastKnownFileType = file.storyboard; name = Base; path = Base.lproj/LaunchScreen.storyboard; sourceTree = "<group>"; };
		7EF4AFCA2A82DC980001B902 /* Info.plist */ = {isa = PBXFileReference; lastKnownFileType = text.plist.xml; path = Info.plist; sourceTree = "<group>"; };
/* End PBXFileReference section */

/* Begin PBXFrameworksBuildPhase section */
		7E320BCB2AA7E5B30048750F /* Frameworks */ = {
			isa = PBXFrameworksBuildPhase;
			buildActionMask = 2147483647;
			files = (
			);
			runOnlyForDeploymentPostprocessing = 0;
		};
		7EF4AFB62A82DC970001B902 /* Frameworks */ = {
			isa = PBXFrameworksBuildPhase;
			buildActionMask = 2147483647;
			files = (
				7EC468B72AA2AA1C00B6D28F /* Alamofire.xcframework in Frameworks */,
				7ED3674A2AAEAB1F00D3EF3F /* RealmSwift.xcframework in Frameworks */,
				7EE72F222AAAA22600C9055F /* RxBlocking.xcframework in Frameworks */,
				7EE72F192AAAA05E00C9055F /* RxCocoa.xcframework in Frameworks */,
				7E0807C62AA3997E00E6E5C2 /* SDWebImage.xcframework in Frameworks */,
				7EE72F1E2AAAA22500C9055F /* RxRelay.xcframework in Frameworks */,
				7E0807C92AA399C000E6E5C2 /* SDWebImageMapKit.xcframework in Frameworks */,
				7EE72F172AAAA05E00C9055F /* RxSwift.xcframework in Frameworks */,
				7E6428E22AA9651C00CF1752 /* RiveRuntime.xcframework in Frameworks */,
				7EC468BB2AA2AA2000B6D28F /* Realm.xcframework in Frameworks */,
			);
			runOnlyForDeploymentPostprocessing = 0;
		};
/* End PBXFrameworksBuildPhase section */

/* Begin PBXGroup section */
		7E0807CB2AA3A10A00E6E5C2 /* Main Tab */ = {
			isa = PBXGroup;
			children = (
				7E0807CC2AA3A13900E6E5C2 /* MainTabBarViewController.swift */,
			);
			path = "Main Tab";
			sourceTree = "<group>";
		};
		7E0807CE2AA3A2CF00E6E5C2 /* Library */ = {
			isa = PBXGroup;
			children = (
				7E0807ED2AA410AE00E6E5C2 /* Components */,
				7E1B876A2AA542290023A20D /* Views */,
				7E0807CF2AA3A2EF00E6E5C2 /* LibraryViewController.swift */,
			);
			path = Library;
			sourceTree = "<group>";
		};
		7E0807D12AA3AD3900E6E5C2 /* Detail */ = {
			isa = PBXGroup;
			children = (
				7E0807F42AA4121600E6E5C2 /* Components */,
				7E1B87952AA682230023A20D /* Views */,
				7E0807D22AA3AD7000E6E5C2 /* DetailViewController.swift */,
			);
			path = Detail;
			sourceTree = "<group>";
		};
		7E0807D42AA3AEB700E6E5C2 /* Core */ = {
			isa = PBXGroup;
			children = (
				7EEB76AF2AA2D436009634FB /* RepositoryProvider.swift */,
				7E70DB192A9960230024FE23 /* AppRouter.swift */,
				7EC468DA2AA2C38600B6D28F /* Environment.swift */,
				7EC468C32AA2AAAD00B6D28F /* HTTPConstants.swift */,
			);
			path = Core;
			sourceTree = "<group>";
		};
		7E0807D52AA3AEE600E6E5C2 /* Assets */ = {
			isa = PBXGroup;
			children = (
				7EF4AFC52A82DC980001B902 /* Assets.xcassets */,
				7E1B87912AA588950023A20D /* Colors.xcassets */,
			);
			path = Assets;
			sourceTree = "<group>";
		};
		7E0807DE2AA40B8600E6E5C2 /* TV Shows */ = {
			isa = PBXGroup;
			children = (
				7E0807E62AA40EFF00E6E5C2 /* Components */,
				7E0807FB2AA423F300E6E5C2 /* Views */,
				7E0807DF2AA40C1200E6E5C2 /* TVShowsViewController.swift */,
			);
			path = "TV Shows";
			sourceTree = "<group>";
		};
		7E0807E62AA40EFF00E6E5C2 /* Components */ = {
			isa = PBXGroup;
			children = (
				7E0807E92AA40F3500E6E5C2 /* TVShowsRouter.swift */,
				7E0807E72AA40F2500E6E5C2 /* TVShowsInteractor.swift */,
				7E0807EB2AA40F4000E6E5C2 /* TVShowsPresenter.swift */,
			);
			path = Components;
			sourceTree = "<group>";
		};
		7E0807ED2AA410AE00E6E5C2 /* Components */ = {
			isa = PBXGroup;
			children = (
				7E0807EE2AA410C000E6E5C2 /* LibraryRouter.swift */,
				7E0807F02AA410CD00E6E5C2 /* LibraryInteractor.swift */,
				7E0807F22AA410D600E6E5C2 /* LibraryPresenter.swift */,
			);
			path = Components;
			sourceTree = "<group>";
		};
		7E0807F42AA4121600E6E5C2 /* Components */ = {
			isa = PBXGroup;
			children = (
				7E0807F52AA4122600E6E5C2 /* DetailRouter.swift */,
				7E0807F72AA4122F00E6E5C2 /* DetailInteractor.swift */,
				7E0807F92AA4125100E6E5C2 /* DetailPresenter.swift */,
			);
			path = Components;
			sourceTree = "<group>";
		};
		7E0807FB2AA423F300E6E5C2 /* Views */ = {
			isa = PBXGroup;
			children = (
				7E0807FC2AA4242400E6E5C2 /* TVShowsBarButtonItem.swift */,
			);
			path = Views;
			sourceTree = "<group>";
		};
		7E1B876A2AA542290023A20D /* Views */ = {
			isa = PBXGroup;
			children = (
				7E1B876B2AA54AEF0023A20D /* LibraryBarButtonItem.swift */,
				7E1B876F2AA56F960023A20D /* LibraryTabBarView.swift */,
			);
			path = Views;
			sourceTree = "<group>";
		};
		7E1B87752AA57B1E0023A20D /* Fonts */ = {
			isa = PBXGroup;
			children = (
				7E1B87902AA57BB30023A20D /* Montserrat */,
			);
			path = Fonts;
			sourceTree = "<group>";
		};
		7E1B87902AA57BB30023A20D /* Montserrat */ = {
			isa = PBXGroup;
			children = (
				7E1B87812AA57B6E0023A20D /* Montserrat-Black.ttf */,
				7E1B877C2AA57B6E0023A20D /* Montserrat-BlackItalic.ttf */,
				7E1B877E2AA57B6E0023A20D /* Montserrat-Bold.ttf */,
				7E1B877B2AA57B6E0023A20D /* Montserrat-BoldItalic.ttf */,
				7E1B87802AA57B6E0023A20D /* Montserrat-ExtraLight.ttf */,
				7E1B877A2AA57B6E0023A20D /* Montserrat-ExtraLightItalic.ttf */,
				7E1B87772AA57B6E0023A20D /* Montserrat-Light.ttf */,
				7E1B87792AA57B6E0023A20D /* Montserrat-LightItalic.ttf */,
				7E1B877D2AA57B6E0023A20D /* Montserrat-Medium.ttf */,
				7E1B87782AA57B6E0023A20D /* Montserrat-MediumItalic.ttf */,
				7E1B87822AA57B6E0023A20D /* Montserrat-Regular.ttf */,
				7E1B87762AA57B6E0023A20D /* Montserrat-SemiBold.ttf */,
				7E1B877F2AA57B6E0023A20D /* Montserrat-SemiBoldItalic.ttf */,
			);
			path = Montserrat;
			sourceTree = "<group>";
		};
		7E1B87952AA682230023A20D /* Views */ = {
			isa = PBXGroup;
			children = (
				7E1B87962AA684D00023A20D /* DetailHeaderView.swift */,
				7E320BB02AA746790048750F /* DetailDescriptionView.swift */,
				7E1B87982AA6853C0023A20D /* RecommendedBasedOnItemView.swift */,
			);
			path = Views;
			sourceTree = "<group>";
		};
		7E1B879A2AA6926A0023A20D /* Reusable Table View */ = {
			isa = PBXGroup;
			children = (
				7E1B87682AA53DBB0023A20D /* ReusableTableViewController.swift */,
				7E1B87932AA58F680023A20D /* ReusableTableViewCell.swift */,
			);
			path = "Reusable Table View";
			sourceTree = "<group>";
		};
		7E320BB22AA7901E0048750F /* Login */ = {
			isa = PBXGroup;
			children = (
				7E320BB32AA7901E0048750F /* Components */,
				7E320BB72AA7901E0048750F /* LoginViewController.swift */,
			);
			path = Login;
			sourceTree = "<group>";
		};
		7E320BB32AA7901E0048750F /* Components */ = {
			isa = PBXGroup;
			children = (
				7E320BB42AA7901E0048750F /* LoginInteractor.swift */,
				7E320BB52AA7901E0048750F /* LoginPresenter.swift */,
				7E320BB62AA7901E0048750F /* LoginRouter.swift */,
			);
			path = Components;
			sourceTree = "<group>";
		};
		7E320BBE2AA790550048750F /* Request */ = {
			isa = PBXGroup;
			children = (
				7E320BBF2AA790550048750F /* CreateSession.swift */,
			);
			path = Request;
			sourceTree = "<group>";
		};
		7E320BC52AA790690048750F /* Auth Repository */ = {
			isa = PBXGroup;
			children = (
				7E320BC62AA790690048750F /* AuthRepositoryImpl.swift */,
				7E320BC72AA790690048750F /* AuthRepository.swift */,
			);
			path = "Auth Repository";
			sourceTree = "<group>";
		};
		7E320BCF2AA7E5B30048750F /* Tests */ = {
			isa = PBXGroup;
			children = (
				7ED7B8122AAC9D9B008C84CD /* Data */,
				7ED7B8142AAC9DBE008C84CD /* Modules */,
			);
			path = Tests;
			sourceTree = "<group>";
		};
		7E6428E42AA9681100CF1752 /* Animations */ = {
			isa = PBXGroup;
			children = (
				7E6428E72AA9685800CF1752 /* sith-de-mayo.riv */,
			);
			path = Animations;
			sourceTree = "<group>";
		};
		7E70DB3D2A996DE70024FE23 /* Models */ = {
			isa = PBXGroup;
			children = (
				7E320BBE2AA790550048750F /* Request */,
				7EEB76C42AA377C0009634FB /* Response */,
			);
			path = Models;
			sourceTree = "<group>";
		};
		7E70DB3E2A996DEE0024FE23 /* Repositories */ = {
			isa = PBXGroup;
			children = (
				7E320BC52AA790690048750F /* Auth Repository */,
				7EC468C92AA2AD8F00B6D28F /* Movies Repository */,
				7EC468C72AA2AD1100B6D28F /* User Repository */,
			);
			path = Repositories;
			sourceTree = "<group>";
		};
		7E70DB412A996E2C0024FE23 /* Datasources */ = {
			isa = PBXGroup;
			children = (
				7EC468CF2AA2AE0200B6D28F /* Local Storage */,
				7EC468C02AA2AAAD00B6D28F /* HTTP Client */,
				7E320BBC2AA7903F0048750F /* AuthAPI.swift */,
				7EC468CB2AA2ADC700B6D28F /* UserAPI.swift */,
				7EC468CD2AA2ADD500B6D28F /* MoviesAPI.swift */,
			);
			path = Datasources;
			sourceTree = "<group>";
		};
		7E70DB452A996ED50024FE23 /* Views */ = {
			isa = PBXGroup;
			children = (
				7E1B879A2AA6926A0023A20D /* Reusable Table View */,
				7EC468D62AA2B4DE00B6D28F /* HeaderCollectionResuableView.swift */,
				7E0807DC2AA3F9CE00E6E5C2 /* SubSectionItemCollectionViewCell.swift */,
				7EEAAD742A9923390087AF46 /* CarouselItemCollectionViewCell.swift */,
			);
			path = Views;
			sourceTree = "<group>";
		};
		7EC468B52AA2AA1C00B6D28F /* Frameworks */ = {
			isa = PBXGroup;
			children = (
				7ED367472AAEA81800D3EF3F /* RxRealm.xcframework */,
				7EE72F1D2AAAA22500C9055F /* RxBlocking.xcframework */,
				7EE72F1B2AAAA22500C9055F /* RxRelay.xcframework */,
				7EE72F1C2AAAA22500C9055F /* RxTest.xcframework */,
				7EE72F162AAAA05E00C9055F /* RxCocoa.xcframework */,
				7EE72F152AAAA05E00C9055F /* RxSwift.xcframework */,
				7E6428E12AA9651C00CF1752 /* RiveRuntime.xcframework */,
				7E0807C82AA399C000E6E5C2 /* SDWebImageMapKit.xcframework */,
				7E0807C52AA3997E00E6E5C2 /* SDWebImage.xcframework */,
				7EC468BD2AA2AA2200B6D28F /* RealmSwift.xcframework */,
				7EC468BA2AA2AA2000B6D28F /* Realm.xcframework */,
				7EC468B62AA2AA1C00B6D28F /* Alamofire.xcframework */,
			);
			name = Frameworks;
			sourceTree = "<group>";
		};
		7EC468C02AA2AAAD00B6D28F /* HTTP Client */ = {
			isa = PBXGroup;
			children = (
				7EC468C12AA2AAAD00B6D28F /* HTTPClientImpl.swift */,
				7EC468C22AA2AAAD00B6D28F /* HTTPClient.swift */,
			);
			path = "HTTP Client";
			sourceTree = "<group>";
		};
		7EC468C72AA2AD1100B6D28F /* User Repository */ = {
			isa = PBXGroup;
			children = (
				7E0807D82AA3ED8B00E6E5C2 /* UserRepository.swift */,
				7E0807DA2AA3ED9800E6E5C2 /* UserRepositoryImpl.swift */,
			);
			path = "User Repository";
			sourceTree = "<group>";
		};
		7EC468C92AA2AD8F00B6D28F /* Movies Repository */ = {
			isa = PBXGroup;
			children = (
				7EEB76C82AA38303009634FB /* MoviesRepository.swift */,
				7EEB76CA2AA3830D009634FB /* MoviesRepositoryImpl.swift */,
			);
			path = "Movies Repository";
			sourceTree = "<group>";
		};
		7EC468CF2AA2AE0200B6D28F /* Local Storage */ = {
			isa = PBXGroup;
			children = (
				7EC468D02AA2AE0200B6D28F /* LocalStorage.swift */,
				7EC468D12AA2AE0200B6D28F /* LocalStorageImpl.swift */,
			);
			path = "Local Storage";
			sourceTree = "<group>";
		};
		7ED7B8112AAC9D8E008C84CD /* Repositories */ = {
			isa = PBXGroup;
			children = (
				7E320BD72AA7FF110048750F /* MoviesRepositoryTests.swift */,
			);
			path = Repositories;
			sourceTree = "<group>";
		};
		7ED7B8122AAC9D9B008C84CD /* Data */ = {
			isa = PBXGroup;
			children = (
				7ED7B8132AAC9DA8008C84CD /* Datasources */,
				7ED7B8112AAC9D8E008C84CD /* Repositories */,
			);
			path = Data;
			sourceTree = "<group>";
		};
		7ED7B8132AAC9DA8008C84CD /* Datasources */ = {
			isa = PBXGroup;
			children = (
			);
			path = Datasources;
			sourceTree = "<group>";
		};
		7ED7B8142AAC9DBE008C84CD /* Modules */ = {
			isa = PBXGroup;
			children = (
				7ED7B8182AAC9DE8008C84CD /* Detail */,
				7ED7B8172AAC9DE3008C84CD /* Library */,
				7ED7B8162AAC9DD5008C84CD /* TV Shows */,
				7ED7B8152AAC9DC9008C84CD /* Movies */,
			);
			path = Modules;
			sourceTree = "<group>";
		};
		7ED7B8152AAC9DC9008C84CD /* Movies */ = {
			isa = PBXGroup;
			children = (
			);
			path = Movies;
			sourceTree = "<group>";
		};
		7ED7B8162AAC9DD5008C84CD /* TV Shows */ = {
			isa = PBXGroup;
			children = (
			);
			path = "TV Shows";
			sourceTree = "<group>";
		};
		7ED7B8172AAC9DE3008C84CD /* Library */ = {
			isa = PBXGroup;
			children = (
			);
			path = Library;
			sourceTree = "<group>";
		};
		7ED7B8182AAC9DE8008C84CD /* Detail */ = {
			isa = PBXGroup;
			children = (
			);
			path = Detail;
			sourceTree = "<group>";
		};
		7EEAAD5D2A98E1710087AF46 /* Application */ = {
			isa = PBXGroup;
			children = (
				7EF4AFBC2A82DC970001B902 /* AppDelegate.swift */,
				7EF4AFBE2A82DC970001B902 /* SceneDelegate.swift */,
				7EF4AFC72A82DC980001B902 /* LaunchScreen.storyboard */,
			);
			path = Application;
			sourceTree = "<group>";
		};
		7EEAAD5E2A98E1770087AF46 /* Resources */ = {
			isa = PBXGroup;
			children = (
				7E6428E42AA9681100CF1752 /* Animations */,
				7E1B87752AA57B1E0023A20D /* Fonts */,
				7E0807D52AA3AEE600E6E5C2 /* Assets */,
				7E1B87712AA57A9E0023A20D /* Colors.swift */,
				7E1B87732AA57AA40023A20D /* Fonts.swift */,
			);
			path = Resources;
			sourceTree = "<group>";
		};
		7EEAAD5F2A98E1800087AF46 /* Modules */ = {
			isa = PBXGroup;
			children = (
				7EEAAD802A9937510087AF46 /* Shared */,
				7E320BB22AA7901E0048750F /* Login */,
				7EEAAD832A993C390087AF46 /* Launch */,
				7E0807CB2AA3A10A00E6E5C2 /* Main Tab */,
				7E0807DE2AA40B8600E6E5C2 /* TV Shows */,
				7EEAAD622A98E1FC0087AF46 /* Movies */,
				7E0807CE2AA3A2CF00E6E5C2 /* Library */,
				7E0807D12AA3AD3900E6E5C2 /* Detail */,
			);
			path = Modules;
			sourceTree = "<group>";
		};
		7EEAAD612A98E1F00087AF46 /* Data */ = {
			isa = PBXGroup;
			children = (
				7E70DB412A996E2C0024FE23 /* Datasources */,
				7E70DB3E2A996DEE0024FE23 /* Repositories */,
				7E70DB3D2A996DE70024FE23 /* Models */,
			);
			path = Data;
			sourceTree = "<group>";
		};
		7EEAAD622A98E1FC0087AF46 /* Movies */ = {
			isa = PBXGroup;
			children = (
				7EEAAD762A9930A50087AF46 /* Components */,
				7EEAAD732A9922FF0087AF46 /* Views */,
				7EEAAD712A9920950087AF46 /* MoviesViewController.swift */,
			);
			path = Movies;
			sourceTree = "<group>";
		};
		7EEAAD732A9922FF0087AF46 /* Views */ = {
			isa = PBXGroup;
			children = (
				7ECCCACB2A999A1B005F1138 /* MoviesBarButtonItem.swift */,
			);
			path = Views;
			sourceTree = "<group>";
		};
		7EEAAD762A9930A50087AF46 /* Components */ = {
			isa = PBXGroup;
			children = (
				7EEAAD782A99321C0087AF46 /* MoviesRouter.swift */,
				7EEAAD7C2A9934110087AF46 /* MoviesInteractor.swift */,
				7EEAAD7E2A9934400087AF46 /* MoviesPresenter.swift */,
			);
			path = Components;
			sourceTree = "<group>";
		};
		7EEAAD802A9937510087AF46 /* Shared */ = {
			isa = PBXGroup;
			children = (
				7E70DB452A996ED50024FE23 /* Views */,
				7EEAAD812A993A140087AF46 /* AppProtocols.swift */,
			);
			path = Shared;
			sourceTree = "<group>";
		};
		7EEAAD832A993C390087AF46 /* Launch */ = {
			isa = PBXGroup;
			children = (
				7EEAAD842A993C540087AF46 /* Components */,
				7EEB76BC2AA2D942009634FB /* Views */,
				7EEAAD852A993C6D0087AF46 /* LaunchViewController.swift */,
			);
			path = Launch;
			sourceTree = "<group>";
		};
		7EEAAD842A993C540087AF46 /* Components */ = {
			isa = PBXGroup;
			children = (
				7EEAAD872A993CA00087AF46 /* LaunchRouter.swift */,
				7EEAAD892A993CC80087AF46 /* LaunchInteractor.swift */,
				7EEAAD8B2A993CD20087AF46 /* LaunchPresenter.swift */,
			);
			path = Components;
			sourceTree = "<group>";
		};
		7EEB76BC2AA2D942009634FB /* Views */ = {
			isa = PBXGroup;
			children = (
			);
			path = Views;
			sourceTree = "<group>";
		};
		7EEB76C42AA377C0009634FB /* Response */ = {
			isa = PBXGroup;
			children = (
				7E320BC22AA790600048750F /* CreateSessionResponse.swift */,
				7E320BC12AA790600048750F /* RequestTokenResponse.swift */,
				7EEB76C62AA37819009634FB /* MoviesResponse.swift */,
				7E1B87662AA42FA70023A20D /* TVShowsResponse.swift */,
			);
			path = Response;
			sourceTree = "<group>";
		};
		7EF4AFB02A82DC970001B902 = {
			isa = PBXGroup;
			children = (
				7EF4AFBB2A82DC970001B902 /* movies_uikit */,
				7E320BCF2AA7E5B30048750F /* Tests */,
				7EF4AFBA2A82DC970001B902 /* Products */,
				7EC468B52AA2AA1C00B6D28F /* Frameworks */,
			);
			sourceTree = "<group>";
		};
		7EF4AFBA2A82DC970001B902 /* Products */ = {
			isa = PBXGroup;
			children = (
				7EF4AFB92A82DC970001B902 /* movies_uikit.app */,
				7E320BCE2AA7E5B30048750F /* movies_uikitTests.xctest */,
			);
			name = Products;
			sourceTree = "<group>";
		};
		7EF4AFBB2A82DC970001B902 /* movies_uikit */ = {
			isa = PBXGroup;
			children = (
				7EEAAD5E2A98E1770087AF46 /* Resources */,
				7EEAAD5D2A98E1710087AF46 /* Application */,
				7E0807D42AA3AEB700E6E5C2 /* Core */,
				7EEAAD612A98E1F00087AF46 /* Data */,
				7EEAAD5F2A98E1800087AF46 /* Modules */,
				7EF4AFCA2A82DC980001B902 /* Info.plist */,
				7EC468D82AA2C29200B6D28F /* Development.xcconfig */,
			);
			path = movies_uikit;
			sourceTree = "<group>";
		};
/* End PBXGroup section */

/* Begin PBXNativeTarget section */
		7E320BCD2AA7E5B30048750F /* movies_uikitTests */ = {
			isa = PBXNativeTarget;
			buildConfigurationList = 7E320BD42AA7E5B30048750F /* Build configuration list for PBXNativeTarget "movies_uikitTests" */;
			buildPhases = (
				7E320BCA2AA7E5B30048750F /* Sources */,
				7E320BCB2AA7E5B30048750F /* Frameworks */,
				7E320BCC2AA7E5B30048750F /* Resources */,
			);
			buildRules = (
			);
			dependencies = (
				7E320BD32AA7E5B30048750F /* PBXTargetDependency */,
			);
			name = movies_uikitTests;
			productName = movies_uikitTests;
			productReference = 7E320BCE2AA7E5B30048750F /* movies_uikitTests.xctest */;
			productType = "com.apple.product-type.bundle.unit-test";
		};
		7EF4AFB82A82DC970001B902 /* movies_uikit */ = {
			isa = PBXNativeTarget;
			buildConfigurationList = 7EF4AFCD2A82DC980001B902 /* Build configuration list for PBXNativeTarget "movies_uikit" */;
			buildPhases = (
				7EF4AFB52A82DC970001B902 /* Sources */,
				7EF4AFB62A82DC970001B902 /* Frameworks */,
				7EF4AFB72A82DC970001B902 /* Resources */,
				7EC468B42AA2A79F00B6D28F /* ShellScript */,
				7E0807D62AA3C1B200E6E5C2 /* Run Script */,
				7EC468B92AA2AA1C00B6D28F /* Embed Frameworks */,
			);
			buildRules = (
			);
			dependencies = (
			);
			name = movies_uikit;
			productName = movies_uikit;
			productReference = 7EF4AFB92A82DC970001B902 /* movies_uikit.app */;
			productType = "com.apple.product-type.application";
		};
/* End PBXNativeTarget section */

/* Begin PBXProject section */
		7EF4AFB12A82DC970001B902 /* Project object */ = {
			isa = PBXProject;
			attributes = {
				BuildIndependentTargetsInParallel = 1;
				LastSwiftUpdateCheck = 1430;
				LastUpgradeCheck = 1430;
				TargetAttributes = {
					7E320BCD2AA7E5B30048750F = {
						CreatedOnToolsVersion = 14.3.1;
						LastSwiftMigration = 1430;
						TestTargetID = 7EF4AFB82A82DC970001B902;
					};
					7EF4AFB82A82DC970001B902 = {
						CreatedOnToolsVersion = 14.3.1;
					};
				};
			};
			buildConfigurationList = 7EF4AFB42A82DC970001B902 /* Build configuration list for PBXProject "movies_uikit" */;
			compatibilityVersion = "Xcode 14.0";
			developmentRegion = en;
			hasScannedForEncodings = 0;
			knownRegions = (
				en,
				Base,
			);
			mainGroup = 7EF4AFB02A82DC970001B902;
			productRefGroup = 7EF4AFBA2A82DC970001B902 /* Products */;
			projectDirPath = "";
			projectRoot = "";
			targets = (
				7EF4AFB82A82DC970001B902 /* movies_uikit */,
				7E320BCD2AA7E5B30048750F /* movies_uikitTests */,
			);
		};
/* End PBXProject section */

/* Begin PBXResourcesBuildPhase section */
		7E320BCC2AA7E5B30048750F /* Resources */ = {
			isa = PBXResourcesBuildPhase;
			buildActionMask = 2147483647;
			files = (
			);
			runOnlyForDeploymentPostprocessing = 0;
		};
		7EF4AFB72A82DC970001B902 /* Resources */ = {
			isa = PBXResourcesBuildPhase;
			buildActionMask = 2147483647;
			files = (
				7E1B87892AA57B6E0023A20D /* Montserrat-BlackItalic.ttf in Resources */,
				7E1B878E2AA57B6E0023A20D /* Montserrat-Black.ttf in Resources */,
				7E1B87882AA57B6E0023A20D /* Montserrat-BoldItalic.ttf in Resources */,
				7E1B878F2AA57B6E0023A20D /* Montserrat-Regular.ttf in Resources */,
				7E1B87852AA57B6E0023A20D /* Montserrat-MediumItalic.ttf in Resources */,
				7E1B87842AA57B6E0023A20D /* Montserrat-Light.ttf in Resources */,
				7E1B87862AA57B6E0023A20D /* Montserrat-LightItalic.ttf in Resources */,
				7E1B87832AA57B6E0023A20D /* Montserrat-SemiBold.ttf in Resources */,
				7E1B878C2AA57B6E0023A20D /* Montserrat-SemiBoldItalic.ttf in Resources */,
				7E1B878A2AA57B6E0023A20D /* Montserrat-Medium.ttf in Resources */,
				7E6428E82AA9685800CF1752 /* sith-de-mayo.riv in Resources */,
				7E1B878D2AA57B6E0023A20D /* Montserrat-ExtraLight.ttf in Resources */,
				7EF4AFC92A82DC980001B902 /* LaunchScreen.storyboard in Resources */,
				7EF4AFC62A82DC980001B902 /* Assets.xcassets in Resources */,
				7E1B87922AA588950023A20D /* Colors.xcassets in Resources */,
				7E1B878B2AA57B6E0023A20D /* Montserrat-Bold.ttf in Resources */,
				7E1B87872AA57B6E0023A20D /* Montserrat-ExtraLightItalic.ttf in Resources */,
			);
			runOnlyForDeploymentPostprocessing = 0;
		};
/* End PBXResourcesBuildPhase section */

/* Begin PBXShellScriptBuildPhase section */
		7E0807D62AA3C1B200E6E5C2 /* Run Script */ = {
			isa = PBXShellScriptBuildPhase;
			alwaysOutOfDate = 1;
			buildActionMask = 12;
			files = (
			);
			inputFileListPaths = (
			);
			inputPaths = (
			);
			name = "Run Script";
			outputFileListPaths = (
			);
			outputPaths = (
			);
			runOnlyForDeploymentPostprocessing = 0;
			shellPath = /bin/sh;
			shellScript = "# Type a script or drag a script file from your workspace to insert its path.\nif [[ \"$(uname -m)\" == arm64 ]]; then\n    export PATH=\"/opt/homebrew/bin:$PATH\"\nfi\n\nif which swiftlint > /dev/null; then\n  swiftlint\nelse\n  echo \"warning: SwiftLint not installed, download from https://github.com/realm/SwiftLint\"\nfi\n\ngit diff --cached --name-only | grep \"\\.swift\" | while read filename; do\n    swiftlint lint --path \"$filename\";\ndone\n";
		};
		7EC468B42AA2A79F00B6D28F /* ShellScript */ = {
			isa = PBXShellScriptBuildPhase;
			alwaysOutOfDate = 1;
			buildActionMask = 2147483647;
			files = (
			);
			inputFileListPaths = (
			);
			inputPaths = (
				"$(SRCROOT)/Carthage/Build/Alamofire.framework",
				"$(SRCROOT)/Carthage/Build/Realm.framework",
				"$(SRCROOT)/Carthage/Build/SDWebImage.framework",
				"$(SRCROOT)/Carthage/Build/RiveRuntime.framework",
				"$(SRCROOT)/Carthage/Build/RxCocoa.framework",
				"$(SRCROOT)/Carthage/Build/RxSwift.framework",
				"$(SRCROOT)/Carthage/Build/RxBlocking.framework",
				"$(SRCROOT)/Carthage/Build/RxRelay.framework",
				"$(SRCROOT)/Carthage/Build/RealmSwift.framework",
			);
			outputFileListPaths = (
			);
			outputPaths = (
			);
			runOnlyForDeploymentPostprocessing = 0;
			shellPath = /bin/sh;
			shellScript = "# Type a script or drag a script file from your workspace to insert its path.\nCARTHAGEP=\"$(which carthage) copy-frameworks\"\n$CARTHAGE\n";
		};
/* End PBXShellScriptBuildPhase section */

/* Begin PBXSourcesBuildPhase section */
		7E320BCA2AA7E5B30048750F /* Sources */ = {
			isa = PBXSourcesBuildPhase;
			buildActionMask = 2147483647;
			files = (
				7E320BD82AA7FF110048750F /* MoviesRepositoryTests.swift in Sources */,
			);
			runOnlyForDeploymentPostprocessing = 0;
		};
		7EF4AFB52A82DC970001B902 /* Sources */ = {
			isa = PBXSourcesBuildPhase;
			buildActionMask = 2147483647;
			files = (
				7EEAAD822A993A140087AF46 /* AppProtocols.swift in Sources */,
				7E320BC92AA790690048750F /* AuthRepository.swift in Sources */,
				7E0807E82AA40F2500E6E5C2 /* TVShowsInteractor.swift in Sources */,
				7EC468DB2AA2C38600B6D28F /* Environment.swift in Sources */,
				7E0807F12AA410CD00E6E5C2 /* LibraryInteractor.swift in Sources */,
				7E320BBD2AA7903F0048750F /* AuthAPI.swift in Sources */,
				7E0807FD2AA4242400E6E5C2 /* TVShowsBarButtonItem.swift in Sources */,
				7E320BC02AA790550048750F /* CreateSession.swift in Sources */,
				7E0807EF2AA410C000E6E5C2 /* LibraryRouter.swift in Sources */,
				7E0807E02AA40C1200E6E5C2 /* TVShowsViewController.swift in Sources */,
				7EC468D22AA2AE0200B6D28F /* LocalStorage.swift in Sources */,
				7EEB76C92AA38303009634FB /* MoviesRepository.swift in Sources */,
				7E0807D32AA3AD7000E6E5C2 /* DetailViewController.swift in Sources */,
				7EEAAD8A2A993CC80087AF46 /* LaunchInteractor.swift in Sources */,
				7EC468C62AA2AAAD00B6D28F /* HTTPConstants.swift in Sources */,
				7E1B87672AA42FA70023A20D /* TVShowsResponse.swift in Sources */,
				7E1B87702AA56F960023A20D /* LibraryTabBarView.swift in Sources */,
				7E320BBA2AA7901E0048750F /* LoginRouter.swift in Sources */,
				7EC468D32AA2AE0200B6D28F /* LocalStorageImpl.swift in Sources */,
				7E0807EC2AA40F4000E6E5C2 /* TVShowsPresenter.swift in Sources */,
				7E320BB92AA7901E0048750F /* LoginPresenter.swift in Sources */,
				7E0807CD2AA3A13900E6E5C2 /* MainTabBarViewController.swift in Sources */,
				7EEAAD882A993CA00087AF46 /* LaunchRouter.swift in Sources */,
				7EC468C52AA2AAAD00B6D28F /* HTTPClient.swift in Sources */,
				7E1B87992AA6853C0023A20D /* RecommendedBasedOnItemView.swift in Sources */,
				7EC468C42AA2AAAD00B6D28F /* HTTPClientImpl.swift in Sources */,
				7ECCCACC2A999A1B005F1138 /* MoviesBarButtonItem.swift in Sources */,
				7EEB76CB2AA3830D009634FB /* MoviesRepositoryImpl.swift in Sources */,
				7E320BB82AA7901E0048750F /* LoginInteractor.swift in Sources */,
				7E0807DD2AA3F9CE00E6E5C2 /* SubSectionItemCollectionViewCell.swift in Sources */,
				7EEAAD7D2A9934110087AF46 /* MoviesInteractor.swift in Sources */,
				7EEAAD8C2A993CD20087AF46 /* LaunchPresenter.swift in Sources */,
				7E1B87722AA57A9E0023A20D /* Colors.swift in Sources */,
				7E1B87742AA57AA40023A20D /* Fonts.swift in Sources */,
				7E320BC32AA790600048750F /* RequestTokenResponse.swift in Sources */,
				7E0807F32AA410D600E6E5C2 /* LibraryPresenter.swift in Sources */,
				7E0807EA2AA40F3500E6E5C2 /* TVShowsRouter.swift in Sources */,
				7EEB76B02AA2D436009634FB /* RepositoryProvider.swift in Sources */,
				7E320BBB2AA7901E0048750F /* LoginViewController.swift in Sources */,
				7E1B87942AA58F680023A20D /* ReusableTableViewCell.swift in Sources */,
				7E320BB12AA746790048750F /* DetailDescriptionView.swift in Sources */,
				7EC468D72AA2B4DE00B6D28F /* HeaderCollectionResuableView.swift in Sources */,
				7E0807D02AA3A2EF00E6E5C2 /* LibraryViewController.swift in Sources */,
				7EEB76C72AA37819009634FB /* MoviesResponse.swift in Sources */,
				7E1B87972AA684D00023A20D /* DetailHeaderView.swift in Sources */,
				7EEAAD752A9923390087AF46 /* CarouselItemCollectionViewCell.swift in Sources */,
				7EEAAD722A9920950087AF46 /* MoviesViewController.swift in Sources */,
				7E0807DB2AA3ED9800E6E5C2 /* UserRepositoryImpl.swift in Sources */,
				7E320BC42AA790600048750F /* CreateSessionResponse.swift in Sources */,
				7E0807D92AA3ED8B00E6E5C2 /* UserRepository.swift in Sources */,
				7E320BC82AA790690048750F /* AuthRepositoryImpl.swift in Sources */,
				7EEAAD862A993C6D0087AF46 /* LaunchViewController.swift in Sources */,
				7EC468CE2AA2ADD500B6D28F /* MoviesAPI.swift in Sources */,
				7EEAAD7F2A9934400087AF46 /* MoviesPresenter.swift in Sources */,
				7E70DB1A2A9960230024FE23 /* AppRouter.swift in Sources */,
				7E1B87692AA53DBB0023A20D /* ReusableTableViewController.swift in Sources */,
				7E0807FA2AA4125100E6E5C2 /* DetailPresenter.swift in Sources */,
				7EF4AFBD2A82DC970001B902 /* AppDelegate.swift in Sources */,
				7EF4AFBF2A82DC970001B902 /* SceneDelegate.swift in Sources */,
				7E0807F82AA4122F00E6E5C2 /* DetailInteractor.swift in Sources */,
				7E1B876C2AA54AEF0023A20D /* LibraryBarButtonItem.swift in Sources */,
				7E0807F62AA4122600E6E5C2 /* DetailRouter.swift in Sources */,
				7EEAAD792A99321C0087AF46 /* MoviesRouter.swift in Sources */,
				7EC468CC2AA2ADC700B6D28F /* UserAPI.swift in Sources */,
			);
			runOnlyForDeploymentPostprocessing = 0;
		};
/* End PBXSourcesBuildPhase section */

/* Begin PBXTargetDependency section */
		7E320BD32AA7E5B30048750F /* PBXTargetDependency */ = {
			isa = PBXTargetDependency;
			target = 7EF4AFB82A82DC970001B902 /* movies_uikit */;
			targetProxy = 7E320BD22AA7E5B30048750F /* PBXContainerItemProxy */;
		};
/* End PBXTargetDependency section */

/* Begin PBXVariantGroup section */
		7EF4AFC72A82DC980001B902 /* LaunchScreen.storyboard */ = {
			isa = PBXVariantGroup;
			children = (
				7EF4AFC82A82DC980001B902 /* Base */,
			);
			name = LaunchScreen.storyboard;
			sourceTree = "<group>";
		};
/* End PBXVariantGroup section */

/* Begin XCBuildConfiguration section */
		7E320BD52AA7E5B30048750F /* Debug */ = {
			isa = XCBuildConfiguration;
			buildSettings = {
				BUNDLE_LOADER = "$(TEST_HOST)";
				CLANG_ENABLE_MODULES = YES;
				CODE_SIGN_STYLE = Automatic;
				CURRENT_PROJECT_VERSION = 1;
				DEVELOPMENT_TEAM = 3G33A99C47;
				GENERATE_INFOPLIST_FILE = YES;
				MARKETING_VERSION = 1.0;
				PRODUCT_BUNDLE_IDENTIFIER = "com.aob.movies-uikitTests";
				PRODUCT_NAME = "$(TARGET_NAME)";
				SWIFT_EMIT_LOC_STRINGS = NO;
				SWIFT_OPTIMIZATION_LEVEL = "-Onone";
				SWIFT_VERSION = 5.0;
				TARGETED_DEVICE_FAMILY = "1,2";
				TEST_HOST = "$(BUILT_PRODUCTS_DIR)/movies_uikit.app/$(BUNDLE_EXECUTABLE_FOLDER_PATH)/movies_uikit";
			};
			name = Debug;
		};
		7E320BD62AA7E5B30048750F /* Release */ = {
			isa = XCBuildConfiguration;
			buildSettings = {
				BUNDLE_LOADER = "$(TEST_HOST)";
				CLANG_ENABLE_MODULES = YES;
				CODE_SIGN_STYLE = Automatic;
				CURRENT_PROJECT_VERSION = 1;
				DEVELOPMENT_TEAM = 3G33A99C47;
				GENERATE_INFOPLIST_FILE = YES;
				MARKETING_VERSION = 1.0;
				PRODUCT_BUNDLE_IDENTIFIER = "com.aob.movies-uikitTests";
				PRODUCT_NAME = "$(TARGET_NAME)";
				SWIFT_EMIT_LOC_STRINGS = NO;
				SWIFT_VERSION = 5.0;
				TARGETED_DEVICE_FAMILY = "1,2";
				TEST_HOST = "$(BUILT_PRODUCTS_DIR)/movies_uikit.app/$(BUNDLE_EXECUTABLE_FOLDER_PATH)/movies_uikit";
			};
			name = Release;
		};
		7EF4AFCB2A82DC980001B902 /* Debug */ = {
			isa = XCBuildConfiguration;
			baseConfigurationReference = 7EC468D82AA2C29200B6D28F /* Development.xcconfig */;
			buildSettings = {
				ALWAYS_SEARCH_USER_PATHS = NO;
				BUILD_LIBRARY_FOR_DISTRIBUTION = NO;
				CLANG_ANALYZER_NONNULL = YES;
				CLANG_ANALYZER_NUMBER_OBJECT_CONVERSION = YES_AGGRESSIVE;
				CLANG_CXX_LANGUAGE_STANDARD = "gnu++20";
				CLANG_ENABLE_MODULES = YES;
				CLANG_ENABLE_OBJC_ARC = YES;
				CLANG_ENABLE_OBJC_WEAK = YES;
				CLANG_WARN_BLOCK_CAPTURE_AUTORELEASING = YES;
				CLANG_WARN_BOOL_CONVERSION = YES;
				CLANG_WARN_COMMA = YES;
				CLANG_WARN_CONSTANT_CONVERSION = YES;
				CLANG_WARN_DEPRECATED_OBJC_IMPLEMENTATIONS = YES;
				CLANG_WARN_DIRECT_OBJC_ISA_USAGE = YES_ERROR;
				CLANG_WARN_DOCUMENTATION_COMMENTS = YES;
				CLANG_WARN_EMPTY_BODY = YES;
				CLANG_WARN_ENUM_CONVERSION = YES;
				CLANG_WARN_INFINITE_RECURSION = YES;
				CLANG_WARN_INT_CONVERSION = YES;
				CLANG_WARN_NON_LITERAL_NULL_CONVERSION = YES;
				CLANG_WARN_OBJC_IMPLICIT_RETAIN_SELF = YES;
				CLANG_WARN_OBJC_LITERAL_CONVERSION = YES;
				CLANG_WARN_OBJC_ROOT_CLASS = YES_ERROR;
				CLANG_WARN_QUOTED_INCLUDE_IN_FRAMEWORK_HEADER = YES;
				CLANG_WARN_RANGE_LOOP_ANALYSIS = YES;
				CLANG_WARN_STRICT_PROTOTYPES = YES;
				CLANG_WARN_SUSPICIOUS_MOVE = YES;
				CLANG_WARN_UNGUARDED_AVAILABILITY = YES_AGGRESSIVE;
				CLANG_WARN_UNREACHABLE_CODE = YES;
				CLANG_WARN__DUPLICATE_METHOD_MATCH = YES;
				COPY_PHASE_STRIP = NO;
				DEBUG_INFORMATION_FORMAT = dwarf;
				ENABLE_STRICT_OBJC_MSGSEND = YES;
				ENABLE_TESTABILITY = YES;
				GCC_C_LANGUAGE_STANDARD = gnu11;
				GCC_DYNAMIC_NO_PIC = NO;
				GCC_NO_COMMON_BLOCKS = YES;
				GCC_OPTIMIZATION_LEVEL = 0;
				GCC_PREPROCESSOR_DEFINITIONS = (
					"DEBUG=1",
					"$(inherited)",
				);
				GCC_WARN_64_TO_32_BIT_CONVERSION = YES;
				GCC_WARN_ABOUT_RETURN_TYPE = YES_ERROR;
				GCC_WARN_UNDECLARED_SELECTOR = YES;
				GCC_WARN_UNINITIALIZED_AUTOS = YES_AGGRESSIVE;
				GCC_WARN_UNUSED_FUNCTION = YES;
				GCC_WARN_UNUSED_VARIABLE = YES;
				IPHONEOS_DEPLOYMENT_TARGET = 15.0;
				MTL_ENABLE_DEBUG_INFO = INCLUDE_SOURCE;
				MTL_FAST_MATH = YES;
				ONLY_ACTIVE_ARCH = YES;
				SDKROOT = iphoneos;
				SWIFT_ACTIVE_COMPILATION_CONDITIONS = DEBUG;
				SWIFT_OPTIMIZATION_LEVEL = "-Onone";
				SWIFT_VERSION = 5.0;
			};
			name = Debug;
		};
		7EF4AFCC2A82DC980001B902 /* Release */ = {
			isa = XCBuildConfiguration;
			baseConfigurationReference = 7EC468D82AA2C29200B6D28F /* Development.xcconfig */;
			buildSettings = {
				ALWAYS_SEARCH_USER_PATHS = NO;
				BUILD_LIBRARY_FOR_DISTRIBUTION = NO;
				CLANG_ANALYZER_NONNULL = YES;
				CLANG_ANALYZER_NUMBER_OBJECT_CONVERSION = YES_AGGRESSIVE;
				CLANG_CXX_LANGUAGE_STANDARD = "gnu++20";
				CLANG_ENABLE_MODULES = YES;
				CLANG_ENABLE_OBJC_ARC = YES;
				CLANG_ENABLE_OBJC_WEAK = YES;
				CLANG_WARN_BLOCK_CAPTURE_AUTORELEASING = YES;
				CLANG_WARN_BOOL_CONVERSION = YES;
				CLANG_WARN_COMMA = YES;
				CLANG_WARN_CONSTANT_CONVERSION = YES;
				CLANG_WARN_DEPRECATED_OBJC_IMPLEMENTATIONS = YES;
				CLANG_WARN_DIRECT_OBJC_ISA_USAGE = YES_ERROR;
				CLANG_WARN_DOCUMENTATION_COMMENTS = YES;
				CLANG_WARN_EMPTY_BODY = YES;
				CLANG_WARN_ENUM_CONVERSION = YES;
				CLANG_WARN_INFINITE_RECURSION = YES;
				CLANG_WARN_INT_CONVERSION = YES;
				CLANG_WARN_NON_LITERAL_NULL_CONVERSION = YES;
				CLANG_WARN_OBJC_IMPLICIT_RETAIN_SELF = YES;
				CLANG_WARN_OBJC_LITERAL_CONVERSION = YES;
				CLANG_WARN_OBJC_ROOT_CLASS = YES_ERROR;
				CLANG_WARN_QUOTED_INCLUDE_IN_FRAMEWORK_HEADER = YES;
				CLANG_WARN_RANGE_LOOP_ANALYSIS = YES;
				CLANG_WARN_STRICT_PROTOTYPES = YES;
				CLANG_WARN_SUSPICIOUS_MOVE = YES;
				CLANG_WARN_UNGUARDED_AVAILABILITY = YES_AGGRESSIVE;
				CLANG_WARN_UNREACHABLE_CODE = YES;
				CLANG_WARN__DUPLICATE_METHOD_MATCH = YES;
				COPY_PHASE_STRIP = NO;
				DEBUG_INFORMATION_FORMAT = "dwarf-with-dsym";
				ENABLE_NS_ASSERTIONS = NO;
				ENABLE_STRICT_OBJC_MSGSEND = YES;
				GCC_C_LANGUAGE_STANDARD = gnu11;
				GCC_NO_COMMON_BLOCKS = YES;
				GCC_WARN_64_TO_32_BIT_CONVERSION = YES;
				GCC_WARN_ABOUT_RETURN_TYPE = YES_ERROR;
				GCC_WARN_UNDECLARED_SELECTOR = YES;
				GCC_WARN_UNINITIALIZED_AUTOS = YES_AGGRESSIVE;
				GCC_WARN_UNUSED_FUNCTION = YES;
				GCC_WARN_UNUSED_VARIABLE = YES;
				IPHONEOS_DEPLOYMENT_TARGET = 15.0;
				MTL_ENABLE_DEBUG_INFO = NO;
				MTL_FAST_MATH = YES;
				SDKROOT = iphoneos;
				SWIFT_COMPILATION_MODE = wholemodule;
				SWIFT_OPTIMIZATION_LEVEL = "-O";
				SWIFT_VERSION = 5.0;
				VALIDATE_PRODUCT = YES;
			};
			name = Release;
		};
		7EF4AFCE2A82DC980001B902 /* Debug */ = {
			isa = XCBuildConfiguration;
			buildSettings = {
				ASSETCATALOG_COMPILER_APPICON_NAME = AppIcon;
				ASSETCATALOG_COMPILER_GLOBAL_ACCENT_COLOR_NAME = AccentColor;
				BUILD_LIBRARY_FOR_DISTRIBUTION = NO;
				CODE_SIGN_STYLE = Automatic;
				CURRENT_PROJECT_VERSION = 1;
				DEVELOPMENT_TEAM = 3G33A99C47;
				GENERATE_INFOPLIST_FILE = YES;
				INFOPLIST_FILE = movies_uikit/Info.plist;
				INFOPLIST_KEY_UIApplicationSupportsIndirectInputEvents = YES;
				INFOPLIST_KEY_UILaunchStoryboardName = LaunchScreen;
				INFOPLIST_KEY_UISupportedInterfaceOrientations = "UIInterfaceOrientationLandscapeLeft UIInterfaceOrientationLandscapeRight UIInterfaceOrientationPortrait UIInterfaceOrientationPortraitUpsideDown";
				IPHONEOS_DEPLOYMENT_TARGET = 15.0;
				LD_RUNPATH_SEARCH_PATHS = (
					"$(inherited)",
					"@executable_path/Frameworks",
				);
				MARKETING_VERSION = 1.0;
				PRODUCT_BUNDLE_IDENTIFIER = "com.aob.movies-uikit";
				PRODUCT_NAME = "$(TARGET_NAME)";
				SWIFT_EMIT_LOC_STRINGS = YES;
				SWIFT_VERSION = 5.0;
				TARGETED_DEVICE_FAMILY = "1,2";
			};
			name = Debug;
		};
		7EF4AFCF2A82DC980001B902 /* Release */ = {
			isa = XCBuildConfiguration;
			buildSettings = {
				ASSETCATALOG_COMPILER_APPICON_NAME = AppIcon;
				ASSETCATALOG_COMPILER_GLOBAL_ACCENT_COLOR_NAME = AccentColor;
				BUILD_LIBRARY_FOR_DISTRIBUTION = NO;
				CODE_SIGN_STYLE = Automatic;
				CURRENT_PROJECT_VERSION = 1;
				DEVELOPMENT_TEAM = 3G33A99C47;
				GENERATE_INFOPLIST_FILE = YES;
				INFOPLIST_FILE = movies_uikit/Info.plist;
				INFOPLIST_KEY_UIApplicationSupportsIndirectInputEvents = YES;
				INFOPLIST_KEY_UILaunchStoryboardName = LaunchScreen;
				INFOPLIST_KEY_UISupportedInterfaceOrientations = "UIInterfaceOrientationLandscapeLeft UIInterfaceOrientationLandscapeRight UIInterfaceOrientationPortrait UIInterfaceOrientationPortraitUpsideDown";
				IPHONEOS_DEPLOYMENT_TARGET = 15.0;
				LD_RUNPATH_SEARCH_PATHS = (
					"$(inherited)",
					"@executable_path/Frameworks",
				);
				MARKETING_VERSION = 1.0;
				PRODUCT_BUNDLE_IDENTIFIER = "com.aob.movies-uikit";
				PRODUCT_NAME = "$(TARGET_NAME)";
				SWIFT_EMIT_LOC_STRINGS = YES;
				SWIFT_VERSION = 5.0;
				TARGETED_DEVICE_FAMILY = "1,2";
			};
			name = Release;
		};
/* End XCBuildConfiguration section */

/* Begin XCConfigurationList section */
		7E320BD42AA7E5B30048750F /* Build configuration list for PBXNativeTarget "movies_uikitTests" */ = {
			isa = XCConfigurationList;
			buildConfigurations = (
				7E320BD52AA7E5B30048750F /* Debug */,
				7E320BD62AA7E5B30048750F /* Release */,
			);
			defaultConfigurationIsVisible = 0;
			defaultConfigurationName = Release;
		};
		7EF4AFB42A82DC970001B902 /* Build configuration list for PBXProject "movies_uikit" */ = {
			isa = XCConfigurationList;
			buildConfigurations = (
				7EF4AFCB2A82DC980001B902 /* Debug */,
				7EF4AFCC2A82DC980001B902 /* Release */,
			);
			defaultConfigurationIsVisible = 0;
			defaultConfigurationName = Release;
		};
		7EF4AFCD2A82DC980001B902 /* Build configuration list for PBXNativeTarget "movies_uikit" */ = {
			isa = XCConfigurationList;
			buildConfigurations = (
				7EF4AFCE2A82DC980001B902 /* Debug */,
				7EF4AFCF2A82DC980001B902 /* Release */,
			);
			defaultConfigurationIsVisible = 0;
			defaultConfigurationName = Release;
		};
/* End XCConfigurationList section */
	};
	rootObject = 7EF4AFB12A82DC970001B902 /* Project object */;
}
